<Solution>
  <Project Path="Paradise.Sample.Game.Navigation.Detour/Paradise.Sample.Game.Navigation.Detour.csproj" />
  <Project Path="Paradise.Sample.Game.Tests/Paradise.Sample.Game.Tests.csproj" />
  <Project Path="Paradise.Sample.Game/Paradise.Sample.Game.csproj" />
  <Project Path="Paradise.Sample.ImGui/Paradise.Sample.ImGui.csproj" />
  <Project Path="Paradise.Sample.Runtime.Tests/Paradise.Sample.Runtime.Tests.csproj" />
  <Project Path="Paradise.Sample.Runtime/Paradise.Sample.Runtime.csproj" />
  <Project Path="Paradise.Sample.Ui.Tests/Paradise.Sample.Ui.Tests.csproj" />
  <Project Path="Paradise.Sample.Ui/Paradise.Sample.Ui.csproj" />
  <Project Path="ParadiseGodot.csproj" />
</Solution>
