
Microsoft Visual Studio Solution File, Format Version 12.00
# Visual Studio Version 17
VisualStudioVersion = 17.0.0.0
MinimumVisualStudioVersion = 10.0.40219.1
Project("{FAE04EC0-301F-11D3-BF4B-00C04F79EFBC}") = "ParadiseGodot", "ParadiseGodot.csproj", "{B8A3F1C0-0001-4000-8000-000000000001}"
EndProject
Project("{FAE04EC0-301F-11D3-BF4B-00C04F79EFBC}") = "ParadiseExport", "ParadiseExport\ParadiseExport.csproj", "{B8A3F1C0-0001-4000-8000-000000000002}"
EndProject
Project("{FAE04EC0-301F-11D3-BF4B-00C04F79EFBC}") = "ParadiseExport.Tests", "ParadiseExport.Tests\ParadiseExport.Tests.csproj", "{B8A3F1C0-0001-4000-8000-000000000003}"
EndProject
Project("{FAE04EC0-301F-11D3-BF4B-00C04F79EFBC}") = "Paradise.BLOB.Test", "..\ParadiseEngine\src\Paradise.BLOB.Test\Paradise.BLOB.Test.csproj", "{C887F384-E263-42FD-AAA7-F52D68AFD5E9}"
EndProject
Project("{FAE04EC0-301F-11D3-BF4B-00C04F79EFBC}") = "Paradise.BLOB", "..\ParadiseEngine\src\Paradise.BLOB\Paradise.BLOB.csproj", "{52E9E7CF-C8FA-454C-B0A8-D635A4E57501}"
EndProject
Project("{FAE04EC0-301F-11D3-BF4B-00C04F79EFBC}") = "Paradise.BT.Builder", "..\ParadiseEngine\src\Paradise.BT.Builder\Paradise.BT.Builder.csproj", "{2579CC03-8A54-4C5D-A5AF-892A313BCDA6}"
EndProject
Project("{FAE04EC0-301F-11D3-BF4B-00C04F79EFBC}") = "Paradise.BT", "..\ParadiseEngine\src\Paradise.BT\Paradise.BT.csproj", "{824CAEC0-041B-49A5-B9AD-1CA634EBF186}"
EndProject
Project("{FAE04EC0-301F-11D3-BF4B-00C04F79EFBC}") = "Paradise.BT.Generators", "..\ParadiseEngine\src\Paradise.BT.Generators\Paradise.BT.Generators.csproj", "{222D08B8-902F-4AF1-A8C6-D6D0D2E7FBFD}"
EndProject
Project("{FAE04EC0-301F-11D3-BF4B-00C04F79EFBC}") = "Paradise.BT.Generators.Test", "..\ParadiseEngine\src\Paradise.BT.Generators.Test\Paradise.BT.Generators.Test.csproj", "{82D137AF-DCCA-471A-88CE-AF4E0D065904}"
EndProject
Project("{FAE04EC0-301F-11D3-BF4B-00C04F79EFBC}") = "Paradise.BT.Nodes", "..\ParadiseEngine\src\Paradise.BT.Nodes\Paradise.BT.Nodes.csproj", "{7081AA82-FA64-4A34-84D1-90FB2D977F8F}"
EndProject
Project("{FAE04EC0-301F-11D3-BF4B-00C04F79EFBC}") = "Paradise.BT.Sample", "..\ParadiseEngine\src\Paradise.BT.Sample\Paradise.BT.Sample.csproj", "{08B45054-D930-44BF-977C-41CC8866833D}"
EndProject
Project("{FAE04EC0-301F-11D3-BF4B-00C04F79EFBC}") = "Paradise.BT.Test", "..\ParadiseEngine\src\Paradise.BT.Test\Paradise.BT.Test.csproj", "{B41D410F-27DF-4A15-8773-74888C5C489A}"
EndProject
Project("{FAE04EC0-301F-11D3-BF4B-00C04F79EFBC}") = "Paradise.ECS.Benchmarks", "..\ParadiseEngine\src\Paradise.ECS.Benchmarks\Paradise.ECS.Benchmarks.csproj", "{5258587D-210C-4B2A-ADA7-3C49A6EE54B5}"
EndProject
Project("{FAE04EC0-301F-11D3-BF4B-00C04F79EFBC}") = "Paradise.ECS", "..\ParadiseEngine\src\Paradise.ECS\Paradise.ECS.csproj", "{5FBDD05C-4DB1-4AD7-8D22-15DF04A9FD61}"
EndProject
Project("{FAE04EC0-301F-11D3-BF4B-00C04F79EFBC}") = "Paradise.ECS.Generators", "..\ParadiseEngine\src\Paradise.ECS.Generators\Paradise.ECS.Generators.csproj", "{852D8658-A719-4BE8-B031-58FB373E4678}"
EndProject
Project("{FAE04EC0-301F-11D3-BF4B-00C04F79EFBC}") = "Paradise.ECS.Jobs", "..\ParadiseEngine\src\Paradise.ECS.Jobs\Paradise.ECS.Jobs.csproj", "{234AF59A-97BE-4D30-A695-A8977B4AD396}"
EndProject
Project("{FAE04EC0-301F-11D3-BF4B-00C04F79EFBC}") = "Paradise.ECS.Concurrent.Test", "..\ParadiseEngine\src\Paradise.ECS.Concurrent.Test\Paradise.ECS.Concurrent.Test.csproj", "{D68DBC92-1BB3-452C-9524-830AAD4AC6D1}"
EndProject
Project("{FAE04EC0-301F-11D3-BF4B-00C04F79EFBC}") = "Paradise.ECS.Concurrent", "..\ParadiseEngine\src\Paradise.ECS.Concurrent\Paradise.ECS.Concurrent.csproj", "{E9CA056D-6A89-4895-AE50-A17176C83400}"
EndProject
Project("{FAE04EC0-301F-11D3-BF4B-00C04F79EFBC}") = "Paradise.ECS.CoyoteTest", "..\ParadiseEngine\src\Paradise.ECS.CoyoteTest\Paradise.ECS.CoyoteTest.csproj", "{DFD0AE1D-111F-4179-8A1A-BC4ED9EF34A4}"
EndProject
Project("{FAE04EC0-301F-11D3-BF4B-00C04F79EFBC}") = "Paradise.ECS.Generators.Test", "..\ParadiseEngine\src\Paradise.ECS.Generators.Test\Paradise.ECS.Generators.Test.csproj", "{D042BAE9-AE4A-4C58-ABDC-EE10AB3A0440}"
EndProject
Project("{FAE04EC0-301F-11D3-BF4B-00C04F79EFBC}") = "Paradise.ECS.Tag", "..\ParadiseEngine\src\Paradise.ECS.Tag\Paradise.ECS.Tag.csproj", "{D049C2A7-457E-4DED-A4E4-F68C5C30B8DA}"
EndProject
Project("{FAE04EC0-301F-11D3-BF4B-00C04F79EFBC}") = "Paradise.ECS.Jobs.Test", "..\ParadiseEngine\src\Paradise.ECS.Jobs.Test\Paradise.ECS.Jobs.Test.csproj", "{AEA6F425-3C75-478B-B45A-71646245FF13}"
EndProject
Project("{FAE04EC0-301F-11D3-BF4B-00C04F79EFBC}") = "Paradise.ECS.Sample", "..\ParadiseEngine\src\Paradise.ECS.Sample\Paradise.ECS.Sample.csproj", "{39D99027-BB1D-4144-BCE2-A63B46D45BC6}"
EndProject
Project("{FAE04EC0-301F-11D3-BF4B-00C04F79EFBC}") = "Paradise.ECS.Test", "..\ParadiseEngine\src\Paradise.ECS.Test\Paradise.ECS.Test.csproj", "{57281356-5F7D-486E-B2E3-C981481784F1}"
EndProject
Project("{FAE04EC0-301F-11D3-BF4B-00C04F79EFBC}") = "Paradise.Rendering.Sample", "..\ParadiseEngine\src\Paradise.Rendering.Sample\Paradise.Rendering.Sample.csproj", "{6FA7362F-00E7-4FF2-9E62-3168CAB58A7D}"
EndProject
Project("{FAE04EC0-301F-11D3-BF4B-00C04F79EFBC}") = "Paradise.Rendering", "..\ParadiseEngine\src\Paradise.Rendering\Paradise.Rendering.csproj", "{2B8A3BA8-3E3A-4C3E-B27E-55301E80EE65}"
EndProject
Project("{FAE04EC0-301F-11D3-BF4B-00C04F79EFBC}") = "Paradise.Rendering.WebGPU", "..\ParadiseEngine\src\Paradise.Rendering.WebGPU\Paradise.Rendering.WebGPU.csproj", "{ADC5973E-F5C4-4553-804E-B443E7961EA7}"
EndProject
Project("{FAE04EC0-301F-11D3-BF4B-00C04F79EFBC}") = "Paradise.Rendering.Test", "..\ParadiseEngine\src\Paradise.Rendering.Test\Paradise.Rendering.Test.csproj", "{177733AC-C474-4A21-B9E3-3AD1E142161E}"
EndProject
Project("{FAE04EC0-301F-11D3-BF4B-00C04F79EFBC}") = "Paradise.Rendering.WebGPU.Test", "..\ParadiseEngine\src\Paradise.Rendering.WebGPU.Test\Paradise.Rendering.WebGPU.Test.csproj", "{E8D9E830-429C-4BBE-934D-D69EF582D9F3}"
EndProject
Project("{FAE04EC0-301F-11D3-BF4B-00C04F79EFBC}") = "ParadiseGame", "ParadiseGame\ParadiseGame.csproj", "{7C4FB2E1-8E35-47EB-91EE-A36E2DE9BFC5}"
EndProject
Project("{FAE04EC0-301F-11D3-BF4B-00C04F79EFBC}") = "ParadiseGame.Navigation.Detour", "ParadiseGame.Navigation.Detour\ParadiseGame.Navigation.Detour.csproj", "{F2302A13-B00C-4A35-B577-5FE11D936B07}"
EndProject
Project("{FAE04EC0-301F-11D3-BF4B-00C04F79EFBC}") = "ParadiseGame.Tests", "ParadiseGame.Tests\ParadiseGame.Tests.csproj", "{F9DC8B34-FB9B-4E01-8991-7D3AA5707352}"
EndProject
Project("{FAE04EC0-301F-11D3-BF4B-00C04F79EFBC}") = "ParadiseRuntime", "ParadiseRuntime\ParadiseRuntime.csproj", "{D074D573-03E8-4E01-B6DC-7586B40017BE}"
EndProject
Project("{FAE04EC0-301F-11D3-BF4B-00C04F79EFBC}") = "Paradise.Rendering.Pbr", "..\ParadiseEngine\src\Paradise.Rendering.Pbr\Paradise.Rendering.Pbr.csproj", "{DF53C8D2-3B2C-4E3F-ADDE-D7145FE57876}"
EndProject
Project("{FAE04EC0-301F-11D3-BF4B-00C04F79EFBC}") = "Paradise.Assets.Gltf", "..\ParadiseEngine\src\Paradise.Assets.Gltf\Paradise.Assets.Gltf.csproj", "{575D9F9C-D5EE-4341-B746-97C1FA58A3B2}"
EndProject
Project("{FAE04EC0-301F-11D3-BF4B-00C04F79EFBC}") = "Paradise.Assets.Textures", "..\ParadiseEngine\src\Paradise.Assets.Textures\Paradise.Assets.Textures.csproj", "{800967C7-485E-4209-AA52-A34E7A125606}"
EndProject
Project("{FAE04EC0-301F-11D3-BF4B-00C04F79EFBC}") = "ParadiseRuntime.Tests", "ParadiseRuntime.Tests\ParadiseRuntime.Tests.csproj", "{EEF4EA12-3EE7-42E4-A879-3B2FC3E84A59}"
EndProject
Project("{FAE04EC0-301F-11D3-BF4B-00C04F79EFBC}") = "ParadiseUi", "ParadiseUi\ParadiseUi.csproj", "{AA97E4E6-E59C-4E98-BD06-6C4863333252}"
EndProject
Project("{FAE04EC0-301F-11D3-BF4B-00C04F79EFBC}") = "Paradise.Ui.ImGui", "..\ParadiseEngine\src\Paradise.Ui.ImGui\Paradise.Ui.ImGui.csproj", "{83B94C93-7936-46CE-A445-90AAE063C05A}"
EndProject
Project("{FAE04EC0-301F-11D3-BF4B-00C04F79EFBC}") = "Paradise.Ui.Noesis", "..\ParadiseEngine\src\Paradise.Ui.Noesis\Paradise.Ui.Noesis.csproj", "{9BF2616D-3FE2-48D9-8D7A-6C882BFC0547}"
EndProject
Project("{FAE04EC0-301F-11D3-BF4B-00C04F79EFBC}") = "ParadiseUi.Tests", "ParadiseUi.Tests\ParadiseUi.Tests.csproj", "{9E3B5E56-946F-4904-A772-6ED51DED639F}"
EndProject
Project("{FAE04EC0-301F-11D3-BF4B-00C04F79EFBC}") = "ParadiseCultivation", "ParadiseCultivation\ParadiseCultivation.csproj", "{923B2FD9-0381-481F-8841-1F5FBC784A8C}"
EndProject
Project("{FAE04EC0-301F-11D3-BF4B-00C04F79EFBC}") = "ParadiseCultivation.Tests", "ParadiseCultivation.Tests\ParadiseCultivation.Tests.csproj", "{10C77BE9-B443-46A1-B1C1-A102747B1B9C}"
EndProject
Global
	GlobalSection(SolutionConfigurationPlatforms) = preSolution
		Debug|Any CPU = Debug|Any CPU
		Debug|x64 = Debug|x64
		Debug|x86 = Debug|x86
		ExportDebug|Any CPU = ExportDebug|Any CPU
		ExportDebug|x64 = ExportDebug|x64
		ExportDebug|x86 = ExportDebug|x86
		ExportRelease|Any CPU = ExportRelease|Any CPU
		ExportRelease|x64 = ExportRelease|x64
		ExportRelease|x86 = ExportRelease|x86
		Release|Any CPU = Release|Any CPU
		Release|x64 = Release|x64
		Release|x86 = Release|x86
	EndGlobalSection
	GlobalSection(ProjectConfigurationPlatforms) = postSolution
		{B8A3F1C0-0001-4000-8000-000000000001}.Debug|Any CPU.ActiveCfg = Debug|Any CPU
		{B8A3F1C0-0001-4000-8000-000000000001}.Debug|Any CPU.Build.0 = Debug|Any CPU
		{B8A3F1C0-0001-4000-8000-000000000001}.Debug|x64.ActiveCfg = Debug|Any CPU
		{B8A3F1C0-0001-4000-8000-000000000001}.Debug|x64.Build.0 = Debug|Any CPU
		{B8A3F1C0-0001-4000-8000-000000000001}.Debug|x86.ActiveCfg = Debug|Any CPU
		{B8A3F1C0-0001-4000-8000-000000000001}.Debug|x86.Build.0 = Debug|Any CPU
		{B8A3F1C0-0001-4000-8000-000000000001}.ExportDebug|Any CPU.ActiveCfg = ExportDebug|Any CPU
		{B8A3F1C0-0001-4000-8000-000000000001}.ExportDebug|Any CPU.Build.0 = ExportDebug|Any CPU
		{B8A3F1C0-0001-4000-8000-000000000001}.ExportDebug|x64.ActiveCfg = ExportDebug|Any CPU
		{B8A3F1C0-0001-4000-8000-000000000001}.ExportDebug|x64.Build.0 = ExportDebug|Any CPU
		{B8A3F1C0-0001-4000-8000-000000000001}.ExportDebug|x86.ActiveCfg = ExportDebug|Any CPU
		{B8A3F1C0-0001-4000-8000-000000000001}.ExportDebug|x86.Build.0 = ExportDebug|Any CPU
		{B8A3F1C0-0001-4000-8000-000000000001}.ExportRelease|Any CPU.ActiveCfg = ExportRelease|Any CPU
		{B8A3F1C0-0001-4000-8000-000000000001}.ExportRelease|Any CPU.Build.0 = ExportRelease|Any CPU
		{B8A3F1C0-0001-4000-8000-000000000001}.ExportRelease|x64.ActiveCfg = ExportRelease|Any CPU
		{B8A3F1C0-0001-4000-8000-000000000001}.ExportRelease|x64.Build.0 = ExportRelease|Any CPU
		{B8A3F1C0-0001-4000-8000-000000000001}.ExportRelease|x86.ActiveCfg = ExportRelease|Any CPU
		{B8A3F1C0-0001-4000-8000-000000000001}.ExportRelease|x86.Build.0 = ExportRelease|Any CPU
		{B8A3F1C0-0001-4000-8000-000000000001}.Release|Any CPU.ActiveCfg = Release|Any CPU
		{B8A3F1C0-0001-4000-8000-000000000001}.Release|Any CPU.Build.0 = Release|Any CPU
		{B8A3F1C0-0001-4000-8000-000000000001}.Release|x64.ActiveCfg = Release|Any CPU
		{B8A3F1C0-0001-4000-8000-000000000001}.Release|x64.Build.0 = Release|Any CPU
		{B8A3F1C0-0001-4000-8000-000000000001}.Release|x86.ActiveCfg = Release|Any CPU
		{B8A3F1C0-0001-4000-8000-000000000001}.Release|x86.Build.0 = Release|Any CPU
		{B8A3F1C0-0001-4000-8000-000000000002}.Debug|Any CPU.ActiveCfg = Debug|Any CPU
		{B8A3F1C0-0001-4000-8000-000000000002}.Debug|Any CPU.Build.0 = Debug|Any CPU
		{B8A3F1C0-0001-4000-8000-000000000002}.Debug|x64.ActiveCfg = Debug|Any CPU
		{B8A3F1C0-0001-4000-8000-000000000002}.Debug|x64.Build.0 = Debug|Any CPU
		{B8A3F1C0-0001-4000-8000-000000000002}.Debug|x86.ActiveCfg = Debug|Any CPU
		{B8A3F1C0-0001-4000-8000-000000000002}.Debug|x86.Build.0 = Debug|Any CPU
		{B8A3F1C0-0001-4000-8000-000000000002}.ExportDebug|Any CPU.ActiveCfg = Debug|Any CPU
		{B8A3F1C0-0001-4000-8000-000000000002}.ExportDebug|Any CPU.Build.0 = Debug|Any CPU
		{B8A3F1C0-0001-4000-8000-000000000002}.ExportDebug|x64.ActiveCfg = ExportDebug|Any CPU
		{B8A3F1C0-0001-4000-8000-000000000002}.ExportDebug|x64.Build.0 = ExportDebug|Any CPU
		{B8A3F1C0-0001-4000-8000-000000000002}.ExportDebug|x86.ActiveCfg = ExportDebug|Any CPU
		{B8A3F1C0-0001-4000-8000-000000000002}.ExportDebug|x86.Build.0 = ExportDebug|Any CPU
		{B8A3F1C0-0001-4000-8000-000000000002}.ExportRelease|Any CPU.ActiveCfg = Release|Any CPU
		{B8A3F1C0-0001-4000-8000-000000000002}.ExportRelease|Any CPU.Build.0 = Release|Any CPU
		{B8A3F1C0-0001-4000-8000-000000000002}.ExportRelease|x64.ActiveCfg = ExportRelease|Any CPU
		{B8A3F1C0-0001-4000-8000-000000000002}.ExportRelease|x64.Build.0 = ExportRelease|Any CPU
		{B8A3F1C0-0001-4000-8000-000000000002}.ExportRelease|x86.ActiveCfg = ExportRelease|Any CPU
		{B8A3F1C0-0001-4000-8000-000000000002}.ExportRelease|x86.Build.0 = ExportRelease|Any CPU
		{B8A3F1C0-0001-4000-8000-000000000002}.Release|Any CPU.ActiveCfg = Release|Any CPU
		{B8A3F1C0-0001-4000-8000-000000000002}.Release|Any CPU.Build.0 = Release|Any CPU
		{B8A3F1C0-0001-4000-8000-000000000002}.Release|x64.ActiveCfg = Release|Any CPU
		{B8A3F1C0-0001-4000-8000-000000000002}.Release|x64.Build.0 = Release|Any CPU
		{B8A3F1C0-0001-4000-8000-000000000002}.Release|x86.ActiveCfg = Release|Any CPU
		{B8A3F1C0-0001-4000-8000-000000000002}.Release|x86.Build.0 = Release|Any CPU
		{B8A3F1C0-0001-4000-8000-000000000003}.Debug|Any CPU.ActiveCfg = Debug|Any CPU
		{B8A3F1C0-0001-4000-8000-000000000003}.Debug|Any CPU.Build.0 = Debug|Any CPU
		{B8A3F1C0-0001-4000-8000-000000000003}.Debug|x64.ActiveCfg = Debug|Any CPU
		{B8A3F1C0-0001-4000-8000-000000000003}.Debug|x64.Build.0 = Debug|Any CPU
		{B8A3F1C0-0001-4000-8000-000000000003}.Debug|x86.ActiveCfg = Debug|Any CPU
		{B8A3F1C0-0001-4000-8000-000000000003}.Debug|x86.Build.0 = Debug|Any CPU
		{B8A3F1C0-0001-4000-8000-000000000003}.ExportDebug|Any CPU.ActiveCfg = Debug|Any CPU
		{B8A3F1C0-0001-4000-8000-000000000003}.ExportDebug|Any CPU.Build.0 = Debug|Any CPU
		{B8A3F1C0-0001-4000-8000-000000000003}.ExportDebug|x64.ActiveCfg = ExportDebug|Any CPU
		{B8A3F1C0-0001-4000-8000-000000000003}.ExportDebug|x64.Build.0 = ExportDebug|Any CPU
		{B8A3F1C0-0001-4000-8000-000000000003}.ExportDebug|x86.ActiveCfg = ExportDebug|Any CPU
		{B8A3F1C0-0001-4000-8000-000000000003}.ExportDebug|x86.Build.0 = ExportDebug|Any CPU
		{B8A3F1C0-0001-4000-8000-000000000003}.ExportRelease|Any CPU.ActiveCfg = Release|Any CPU
		{B8A3F1C0-0001-4000-8000-000000000003}.ExportRelease|Any CPU.Build.0 = Release|Any CPU
		{B8A3F1C0-0001-4000-8000-000000000003}.ExportRelease|x64.ActiveCfg = ExportRelease|Any CPU
		{B8A3F1C0-0001-4000-8000-000000000003}.ExportRelease|x64.Build.0 = ExportRelease|Any CPU
		{B8A3F1C0-0001-4000-8000-000000000003}.ExportRelease|x86.ActiveCfg = ExportRelease|Any CPU
		{B8A3F1C0-0001-4000-8000-000000000003}.ExportRelease|x86.Build.0 = ExportRelease|Any CPU
		{B8A3F1C0-0001-4000-8000-000000000003}.Release|Any CPU.ActiveCfg = Release|Any CPU
		{B8A3F1C0-0001-4000-8000-000000000003}.Release|Any CPU.Build.0 = Release|Any CPU
		{B8A3F1C0-0001-4000-8000-000000000003}.Release|x64.ActiveCfg = Release|Any CPU
		{B8A3F1C0-0001-4000-8000-000000000003}.Release|x64.Build.0 = Release|Any CPU
		{B8A3F1C0-0001-4000-8000-000000000003}.Release|x86.ActiveCfg = Release|Any CPU
		{B8A3F1C0-0001-4000-8000-000000000003}.Release|x86.Build.0 = Release|Any CPU
		{C887F384-E263-42FD-AAA7-F52D68AFD5E9}.Debug|Any CPU.ActiveCfg = Debug|Any CPU
		{C887F384-E263-42FD-AAA7-F52D68AFD5E9}.Debug|Any CPU.Build.0 = Debug|Any CPU
		{C887F384-E263-42FD-AAA7-F52D68AFD5E9}.Debug|x64.ActiveCfg = Debug|Any CPU
		{C887F384-E263-42FD-AAA7-F52D68AFD5E9}.Debug|x64.Build.0 = Debug|Any CPU
		{C887F384-E263-42FD-AAA7-F52D68AFD5E9}.Debug|x86.ActiveCfg = Debug|Any CPU
		{C887F384-E263-42FD-AAA7-F52D68AFD5E9}.Debug|x86.Build.0 = Debug|Any CPU
		{C887F384-E263-42FD-AAA7-F52D68AFD5E9}.ExportDebug|Any CPU.ActiveCfg = Debug|Any CPU
		{C887F384-E263-42FD-AAA7-F52D68AFD5E9}.ExportDebug|Any CPU.Build.0 = Debug|Any CPU
		{C887F384-E263-42FD-AAA7-F52D68AFD5E9}.ExportDebug|x64.ActiveCfg = Debug|Any CPU
		{C887F384-E263-42FD-AAA7-F52D68AFD5E9}.ExportDebug|x64.Build.0 = Debug|Any CPU
		{C887F384-E263-42FD-AAA7-F52D68AFD5E9}.ExportDebug|x86.ActiveCfg = Debug|Any CPU
		{C887F384-E263-42FD-AAA7-F52D68AFD5E9}.ExportDebug|x86.Build.0 = Debug|Any CPU
		{C887F384-E263-42FD-AAA7-F52D68AFD5E9}.ExportRelease|Any CPU.ActiveCfg = Debug|Any CPU
		{C887F384-E263-42FD-AAA7-F52D68AFD5E9}.ExportRelease|Any CPU.Build.0 = Debug|Any CPU
		{C887F384-E263-42FD-AAA7-F52D68AFD5E9}.ExportRelease|x64.ActiveCfg = Debug|Any CPU
		{C887F384-E263-42FD-AAA7-F52D68AFD5E9}.ExportRelease|x64.Build.0 = Debug|Any CPU
		{C887F384-E263-42FD-AAA7-F52D68AFD5E9}.ExportRelease|x86.ActiveCfg = Debug|Any CPU
		{C887F384-E263-42FD-AAA7-F52D68AFD5E9}.ExportRelease|x86.Build.0 = Debug|Any CPU
		{C887F384-E263-42FD-AAA7-F52D68AFD5E9}.Release|Any CPU.ActiveCfg = Release|Any CPU
		{C887F384-E263-42FD-AAA7-F52D68AFD5E9}.Release|Any CPU.Build.0 = Release|Any CPU
		{C887F384-E263-42FD-AAA7-F52D68AFD5E9}.Release|x64.ActiveCfg = Release|Any CPU
		{C887F384-E263-42FD-AAA7-F52D68AFD5E9}.Release|x64.Build.0 = Release|Any CPU
		{C887F384-E263-42FD-AAA7-F52D68AFD5E9}.Release|x86.ActiveCfg = Release|Any CPU
		{C887F384-E263-42FD-AAA7-F52D68AFD5E9}.Release|x86.Build.0 = Release|Any CPU
		{52E9E7CF-C8FA-454C-B0A8-D635A4E57501}.Debug|Any CPU.ActiveCfg = Debug|Any CPU
		{52E9E7CF-C8FA-454C-B0A8-D635A4E57501}.Debug|Any CPU.Build.0 = Debug|Any CPU
		{52E9E7CF-C8FA-454C-B0A8-D635A4E57501}.Debug|x64.ActiveCfg = Debug|Any CPU
		{52E9E7CF-C8FA-454C-B0A8-D635A4E57501}.Debug|x64.Build.0 = Debug|Any CPU
		{52E9E7CF-C8FA-454C-B0A8-D635A4E57501}.Debug|x86.ActiveCfg = Debug|Any CPU
		{52E9E7CF-C8FA-454C-B0A8-D635A4E57501}.Debug|x86.Build.0 = Debug|Any CPU
		{52E9E7CF-C8FA-454C-B0A8-D635A4E57501}.ExportDebug|Any CPU.ActiveCfg = Debug|Any CPU
		{52E9E7CF-C8FA-454C-B0A8-D635A4E57501}.ExportDebug|Any CPU.Build.0 = Debug|Any CPU
		{52E9E7CF-C8FA-454C-B0A8-D635A4E57501}.ExportDebug|x64.ActiveCfg = Debug|Any CPU
		{52E9E7CF-C8FA-454C-B0A8-D635A4E57501}.ExportDebug|x64.Build.0 = Debug|Any CPU
		{52E9E7CF-C8FA-454C-B0A8-D635A4E57501}.ExportDebug|x86.ActiveCfg = Debug|Any CPU
		{52E9E7CF-C8FA-454C-B0A8-D635A4E57501}.ExportDebug|x86.Build.0 = Debug|Any CPU
		{52E9E7CF-C8FA-454C-B0A8-D635A4E57501}.ExportRelease|Any CPU.ActiveCfg = Debug|Any CPU
		{52E9E7CF-C8FA-454C-B0A8-D635A4E57501}.ExportRelease|Any CPU.Build.0 = Debug|Any CPU
		{52E9E7CF-C8FA-454C-B0A8-D635A4E57501}.ExportRelease|x64.ActiveCfg = Debug|Any CPU
		{52E9E7CF-C8FA-454C-B0A8-D635A4E57501}.ExportRelease|x64.Build.0 = Debug|Any CPU
		{52E9E7CF-C8FA-454C-B0A8-D635A4E57501}.ExportRelease|x86.ActiveCfg = Debug|Any CPU
		{52E9E7CF-C8FA-454C-B0A8-D635A4E57501}.ExportRelease|x86.Build.0 = Debug|Any CPU
		{52E9E7CF-C8FA-454C-B0A8-D635A4E57501}.Release|Any CPU.ActiveCfg = Release|Any CPU
		{52E9E7CF-C8FA-454C-B0A8-D635A4E57501}.Release|Any CPU.Build.0 = Release|Any CPU
		{52E9E7CF-C8FA-454C-B0A8-D635A4E57501}.Release|x64.ActiveCfg = Release|Any CPU
		{52E9E7CF-C8FA-454C-B0A8-D635A4E57501}.Release|x64.Build.0 = Release|Any CPU
		{52E9E7CF-C8FA-454C-B0A8-D635A4E57501}.Release|x86.ActiveCfg = Release|Any CPU
		{52E9E7CF-C8FA-454C-B0A8-D635A4E57501}.Release|x86.Build.0 = Release|Any CPU
		{2579CC03-8A54-4C5D-A5AF-892A313BCDA6}.Debug|Any CPU.ActiveCfg = Debug|Any CPU
		{2579CC03-8A54-4C5D-A5AF-892A313BCDA6}.Debug|Any CPU.Build.0 = Debug|Any CPU
		{2579CC03-8A54-4C5D-A5AF-892A313BCDA6}.Debug|x64.ActiveCfg = Debug|Any CPU
		{2579CC03-8A54-4C5D-A5AF-892A313BCDA6}.Debug|x64.Build.0 = Debug|Any CPU
		{2579CC03-8A54-4C5D-A5AF-892A313BCDA6}.Debug|x86.ActiveCfg = Debug|Any CPU
		{2579CC03-8A54-4C5D-A5AF-892A313BCDA6}.Debug|x86.Build.0 = Debug|Any CPU
		{2579CC03-8A54-4C5D-A5AF-892A313BCDA6}.ExportDebug|Any CPU.ActiveCfg = Debug|Any CPU
		{2579CC03-8A54-4C5D-A5AF-892A313BCDA6}.ExportDebug|Any CPU.Build.0 = Debug|Any CPU
		{2579CC03-8A54-4C5D-A5AF-892A313BCDA6}.ExportDebug|x64.ActiveCfg = Debug|Any CPU
		{2579CC03-8A54-4C5D-A5AF-892A313BCDA6}.ExportDebug|x64.Build.0 = Debug|Any CPU
		{2579CC03-8A54-4C5D-A5AF-892A313BCDA6}.ExportDebug|x86.ActiveCfg = Debug|Any CPU
		{2579CC03-8A54-4C5D-A5AF-892A313BCDA6}.ExportDebug|x86.Build.0 = Debug|Any CPU
		{2579CC03-8A54-4C5D-A5AF-892A313BCDA6}.ExportRelease|Any CPU.ActiveCfg = Debug|Any CPU
		{2579CC03-8A54-4C5D-A5AF-892A313BCDA6}.ExportRelease|Any CPU.Build.0 = Debug|Any CPU
		{2579CC03-8A54-4C5D-A5AF-892A313BCDA6}.ExportRelease|x64.ActiveCfg = Debug|Any CPU
		{2579CC03-8A54-4C5D-A5AF-892A313BCDA6}.ExportRelease|x64.Build.0 = Debug|Any CPU
		{2579CC03-8A54-4C5D-A5AF-892A313BCDA6}.ExportRelease|x86.ActiveCfg = Debug|Any CPU
		{2579CC03-8A54-4C5D-A5AF-892A313BCDA6}.ExportRelease|x86.Build.0 = Debug|Any CPU
		{2579CC03-8A54-4C5D-A5AF-892A313BCDA6}.Release|Any CPU.ActiveCfg = Release|Any CPU
		{2579CC03-8A54-4C5D-A5AF-892A313BCDA6}.Release|Any CPU.Build.0 = Release|Any CPU
		{2579CC03-8A54-4C5D-A5AF-892A313BCDA6}.Release|x64.ActiveCfg = Release|Any CPU
		{2579CC03-8A54-4C5D-A5AF-892A313BCDA6}.Release|x64.Build.0 = Release|Any CPU
		{2579CC03-8A54-4C5D-A5AF-892A313BCDA6}.Release|x86.ActiveCfg = Release|Any CPU
		{2579CC03-8A54-4C5D-A5AF-892A313BCDA6}.Release|x86.Build.0 = Release|Any CPU
		{824CAEC0-041B-49A5-B9AD-1CA634EBF186}.Debug|Any CPU.ActiveCfg = Debug|Any CPU
		{824CAEC0-041B-49A5-B9AD-1CA634EBF186}.Debug|Any CPU.Build.0 = Debug|Any CPU
		{824CAEC0-041B-49A5-B9AD-1CA634EBF186}.Debug|x64.ActiveCfg = Debug|Any CPU
		{824CAEC0-041B-49A5-B9AD-1CA634EBF186}.Debug|x64.Build.0 = Debug|Any CPU
		{824CAEC0-041B-49A5-B9AD-1CA634EBF186}.Debug|x86.ActiveCfg = Debug|Any CPU
		{824CAEC0-041B-49A5-B9AD-1CA634EBF186}.Debug|x86.Build.0 = Debug|Any CPU
		{824CAEC0-041B-49A5-B9AD-1CA634EBF186}.ExportDebug|Any CPU.ActiveCfg = Debug|Any CPU
		{824CAEC0-041B-49A5-B9AD-1CA634EBF186}.ExportDebug|Any CPU.Build.0 = Debug|Any CPU
		{824CAEC0-041B-49A5-B9AD-1CA634EBF186}.ExportDebug|x64.ActiveCfg = Debug|Any CPU
		{824CAEC0-041B-49A5-B9AD-1CA634EBF186}.ExportDebug|x64.Build.0 = Debug|Any CPU
		{824CAEC0-041B-49A5-B9AD-1CA634EBF186}.ExportDebug|x86.ActiveCfg = Debug|Any CPU
		{824CAEC0-041B-49A5-B9AD-1CA634EBF186}.ExportDebug|x86.Build.0 = Debug|Any CPU
		{824CAEC0-041B-49A5-B9AD-1CA634EBF186}.ExportRelease|Any CPU.ActiveCfg = Debug|Any CPU
		{824CAEC0-041B-49A5-B9AD-1CA634EBF186}.ExportRelease|Any CPU.Build.0 = Debug|Any CPU
		{824CAEC0-041B-49A5-B9AD-1CA634EBF186}.ExportRelease|x64.ActiveCfg = Debug|Any CPU
		{824CAEC0-041B-49A5-B9AD-1CA634EBF186}.ExportRelease|x64.Build.0 = Debug|Any CPU
		{824CAEC0-041B-49A5-B9AD-1CA634EBF186}.ExportRelease|x86.ActiveCfg = Debug|Any CPU
		{824CAEC0-041B-49A5-B9AD-1CA634EBF186}.ExportRelease|x86.Build.0 = Debug|Any CPU
		{824CAEC0-041B-49A5-B9AD-1CA634EBF186}.Release|Any CPU.ActiveCfg = Release|Any CPU
		{824CAEC0-041B-49A5-B9AD-1CA634EBF186}.Release|Any CPU.Build.0 = Release|Any CPU
		{824CAEC0-041B-49A5-B9AD-1CA634EBF186}.Release|x64.ActiveCfg = Release|Any CPU
		{824CAEC0-041B-49A5-B9AD-1CA634EBF186}.Release|x64.Build.0 = Release|Any CPU
		{824CAEC0-041B-49A5-B9AD-1CA634EBF186}.Release|x86.ActiveCfg = Release|Any CPU
		{824CAEC0-041B-49A5-B9AD-1CA634EBF186}.Release|x86.Build.0 = Release|Any CPU
		{222D08B8-902F-4AF1-A8C6-D6D0D2E7FBFD}.Debug|Any CPU.ActiveCfg = Debug|Any CPU
		{222D08B8-902F-4AF1-A8C6-D6D0D2E7FBFD}.Debug|Any CPU.Build.0 = Debug|Any CPU
		{222D08B8-902F-4AF1-A8C6-D6D0D2E7FBFD}.Debug|x64.ActiveCfg = Debug|Any CPU
		{222D08B8-902F-4AF1-A8C6-D6D0D2E7FBFD}.Debug|x64.Build.0 = Debug|Any CPU
		{222D08B8-902F-4AF1-A8C6-D6D0D2E7FBFD}.Debug|x86.ActiveCfg = Debug|Any CPU
		{222D08B8-902F-4AF1-A8C6-D6D0D2E7FBFD}.Debug|x86.Build.0 = Debug|Any CPU
		{222D08B8-902F-4AF1-A8C6-D6D0D2E7FBFD}.ExportDebug|Any CPU.ActiveCfg = Debug|Any CPU
		{222D08B8-902F-4AF1-A8C6-D6D0D2E7FBFD}.ExportDebug|Any CPU.Build.0 = Debug|Any CPU
		{222D08B8-902F-4AF1-A8C6-D6D0D2E7FBFD}.ExportDebug|x64.ActiveCfg = Debug|Any CPU
		{222D08B8-902F-4AF1-A8C6-D6D0D2E7FBFD}.ExportDebug|x64.Build.0 = Debug|Any CPU
		{222D08B8-902F-4AF1-A8C6-D6D0D2E7FBFD}.ExportDebug|x86.ActiveCfg = Debug|Any CPU
		{222D08B8-902F-4AF1-A8C6-D6D0D2E7FBFD}.ExportDebug|x86.Build.0 = Debug|Any CPU
		{222D08B8-902F-4AF1-A8C6-D6D0D2E7FBFD}.ExportRelease|Any CPU.ActiveCfg = Debug|Any CPU
		{222D08B8-902F-4AF1-A8C6-D6D0D2E7FBFD}.ExportRelease|Any CPU.Build.0 = Debug|Any CPU
		{222D08B8-902F-4AF1-A8C6-D6D0D2E7FBFD}.ExportRelease|x64.ActiveCfg = Debug|Any CPU
		{222D08B8-902F-4AF1-A8C6-D6D0D2E7FBFD}.ExportRelease|x64.Build.0 = Debug|Any CPU
		{222D08B8-902F-4AF1-A8C6-D6D0D2E7FBFD}.ExportRelease|x86.ActiveCfg = Debug|Any CPU
		{222D08B8-902F-4AF1-A8C6-D6D0D2E7FBFD}.ExportRelease|x86.Build.0 = Debug|Any CPU
		{222D08B8-902F-4AF1-A8C6-D6D0D2E7FBFD}.Release|Any CPU.ActiveCfg = Release|Any CPU
		{222D08B8-902F-4AF1-A8C6-D6D0D2E7FBFD}.Release|Any CPU.Build.0 = Release|Any CPU
		{222D08B8-902F-4AF1-A8C6-D6D0D2E7FBFD}.Release|x64.ActiveCfg = Release|Any CPU
		{222D08B8-902F-4AF1-A8C6-D6D0D2E7FBFD}.Release|x64.Build.0 = Release|Any CPU
		{222D08B8-902F-4AF1-A8C6-D6D0D2E7FBFD}.Release|x86.ActiveCfg = Release|Any CPU
		{222D08B8-902F-4AF1-A8C6-D6D0D2E7FBFD}.Release|x86.Build.0 = Release|Any CPU
		{82D137AF-DCCA-471A-88CE-AF4E0D065904}.Debug|Any CPU.ActiveCfg = Debug|Any CPU
		{82D137AF-DCCA-471A-88CE-AF4E0D065904}.Debug|Any CPU.Build.0 = Debug|Any CPU
		{82D137AF-DCCA-471A-88CE-AF4E0D065904}.Debug|x64.ActiveCfg = Debug|Any CPU
		{82D137AF-DCCA-471A-88CE-AF4E0D065904}.Debug|x64.Build.0 = Debug|Any CPU
		{82D137AF-DCCA-471A-88CE-AF4E0D065904}.Debug|x86.ActiveCfg = Debug|Any CPU
		{82D137AF-DCCA-471A-88CE-AF4E0D065904}.Debug|x86.Build.0 = Debug|Any CPU
		{82D137AF-DCCA-471A-88CE-AF4E0D065904}.ExportDebug|Any CPU.ActiveCfg = Debug|Any CPU
		{82D137AF-DCCA-471A-88CE-AF4E0D065904}.ExportDebug|Any CPU.Build.0 = Debug|Any CPU
		{82D137AF-DCCA-471A-88CE-AF4E0D065904}.ExportDebug|x64.ActiveCfg = Debug|Any CPU
		{82D137AF-DCCA-471A-88CE-AF4E0D065904}.ExportDebug|x64.Build.0 = Debug|Any CPU
		{82D137AF-DCCA-471A-88CE-AF4E0D065904}.ExportDebug|x86.ActiveCfg = Debug|Any CPU
		{82D137AF-DCCA-471A-88CE-AF4E0D065904}.ExportDebug|x86.Build.0 = Debug|Any CPU
		{82D137AF-DCCA-471A-88CE-AF4E0D065904}.ExportRelease|Any CPU.ActiveCfg = Debug|Any CPU
		{82D137AF-DCCA-471A-88CE-AF4E0D065904}.ExportRelease|Any CPU.Build.0 = Debug|Any CPU
		{82D137AF-DCCA-471A-88CE-AF4E0D065904}.ExportRelease|x64.ActiveCfg = Debug|Any CPU
		{82D137AF-DCCA-471A-88CE-AF4E0D065904}.ExportRelease|x64.Build.0 = Debug|Any CPU
		{82D137AF-DCCA-471A-88CE-AF4E0D065904}.ExportRelease|x86.ActiveCfg = Debug|Any CPU
		{82D137AF-DCCA-471A-88CE-AF4E0D065904}.ExportRelease|x86.Build.0 = Debug|Any CPU
		{82D137AF-DCCA-471A-88CE-AF4E0D065904}.Release|Any CPU.ActiveCfg = Release|Any CPU
		{82D137AF-DCCA-471A-88CE-AF4E0D065904}.Release|Any CPU.Build.0 = Release|Any CPU
		{82D137AF-DCCA-471A-88CE-AF4E0D065904}.Release|x64.ActiveCfg = Release|Any CPU
		{82D137AF-DCCA-471A-88CE-AF4E0D065904}.Release|x64.Build.0 = Release|Any CPU
		{82D137AF-DCCA-471A-88CE-AF4E0D065904}.Release|x86.ActiveCfg = Release|Any CPU
		{82D137AF-DCCA-471A-88CE-AF4E0D065904}.Release|x86.Build.0 = Release|Any CPU
		{7081AA82-FA64-4A34-84D1-90FB2D977F8F}.Debug|Any CPU.ActiveCfg = Debug|Any CPU
		{7081AA82-FA64-4A34-84D1-90FB2D977F8F}.Debug|Any CPU.Build.0 = Debug|Any CPU
		{7081AA82-FA64-4A34-84D1-90FB2D977F8F}.Debug|x64.ActiveCfg = Debug|Any CPU
		{7081AA82-FA64-4A34-84D1-90FB2D977F8F}.Debug|x64.Build.0 = Debug|Any CPU
		{7081AA82-FA64-4A34-84D1-90FB2D977F8F}.Debug|x86.ActiveCfg = Debug|Any CPU
		{7081AA82-FA64-4A34-84D1-90FB2D977F8F}.Debug|x86.Build.0 = Debug|Any CPU
		{7081AA82-FA64-4A34-84D1-90FB2D977F8F}.ExportDebug|Any CPU.ActiveCfg = Debug|Any CPU
		{7081AA82-FA64-4A34-84D1-90FB2D977F8F}.ExportDebug|Any CPU.Build.0 = Debug|Any CPU
		{7081AA82-FA64-4A34-84D1-90FB2D977F8F}.ExportDebug|x64.ActiveCfg = Debug|Any CPU
		{7081AA82-FA64-4A34-84D1-90FB2D977F8F}.ExportDebug|x64.Build.0 = Debug|Any CPU
		{7081AA82-FA64-4A34-84D1-90FB2D977F8F}.ExportDebug|x86.ActiveCfg = Debug|Any CPU
		{7081AA82-FA64-4A34-84D1-90FB2D977F8F}.ExportDebug|x86.Build.0 = Debug|Any CPU
		{7081AA82-FA64-4A34-84D1-90FB2D977F8F}.ExportRelease|Any CPU.ActiveCfg = Debug|Any CPU
		{7081AA82-FA64-4A34-84D1-90FB2D977F8F}.ExportRelease|Any CPU.Build.0 = Debug|Any CPU
		{7081AA82-FA64-4A34-84D1-90FB2D977F8F}.ExportRelease|x64.ActiveCfg = Debug|Any CPU
		{7081AA82-FA64-4A34-84D1-90FB2D977F8F}.ExportRelease|x64.Build.0 = Debug|Any CPU
		{7081AA82-FA64-4A34-84D1-90FB2D977F8F}.ExportRelease|x86.ActiveCfg = Debug|Any CPU
		{7081AA82-FA64-4A34-84D1-90FB2D977F8F}.ExportRelease|x86.Build.0 = Debug|Any CPU
		{7081AA82-FA64-4A34-84D1-90FB2D977F8F}.Release|Any CPU.ActiveCfg = Release|Any CPU
		{7081AA82-FA64-4A34-84D1-90FB2D977F8F}.Release|Any CPU.Build.0 = Release|Any CPU
		{7081AA82-FA64-4A34-84D1-90FB2D977F8F}.Release|x64.ActiveCfg = Release|Any CPU
		{7081AA82-FA64-4A34-84D1-90FB2D977F8F}.Release|x64.Build.0 = Release|Any CPU
		{7081AA82-FA64-4A34-84D1-90FB2D977F8F}.Release|x86.ActiveCfg = Release|Any CPU
		{7081AA82-FA64-4A34-84D1-90FB2D977F8F}.Release|x86.Build.0 = Release|Any CPU
		{08B45054-D930-44BF-977C-41CC8866833D}.Debug|Any CPU.ActiveCfg = Debug|Any CPU
		{08B45054-D930-44BF-977C-41CC8866833D}.Debug|Any CPU.Build.0 = Debug|Any CPU
		{08B45054-D930-44BF-977C-41CC8866833D}.Debug|x64.ActiveCfg = Debug|Any CPU
		{08B45054-D930-44BF-977C-41CC8866833D}.Debug|x64.Build.0 = Debug|Any CPU
		{08B45054-D930-44BF-977C-41CC8866833D}.Debug|x86.ActiveCfg = Debug|Any CPU
		{08B45054-D930-44BF-977C-41CC8866833D}.Debug|x86.Build.0 = Debug|Any CPU
		{08B45054-D930-44BF-977C-41CC8866833D}.ExportDebug|Any CPU.ActiveCfg = Debug|Any CPU
		{08B45054-D930-44BF-977C-41CC8866833D}.ExportDebug|Any CPU.Build.0 = Debug|Any CPU
		{08B45054-D930-44BF-977C-41CC8866833D}.ExportDebug|x64.ActiveCfg = Debug|Any CPU
		{08B45054-D930-44BF-977C-41CC8866833D}.ExportDebug|x64.Build.0 = Debug|Any CPU
		{08B45054-D930-44BF-977C-41CC8866833D}.ExportDebug|x86.ActiveCfg = Debug|Any CPU
		{08B45054-D930-44BF-977C-41CC8866833D}.ExportDebug|x86.Build.0 = Debug|Any CPU
		{08B45054-D930-44BF-977C-41CC8866833D}.ExportRelease|Any CPU.ActiveCfg = Debug|Any CPU
		{08B45054-D930-44BF-977C-41CC8866833D}.ExportRelease|Any CPU.Build.0 = Debug|Any CPU
		{08B45054-D930-44BF-977C-41CC8866833D}.ExportRelease|x64.ActiveCfg = Debug|Any CPU
		{08B45054-D930-44BF-977C-41CC8866833D}.ExportRelease|x64.Build.0 = Debug|Any CPU
		{08B45054-D930-44BF-977C-41CC8866833D}.ExportRelease|x86.ActiveCfg = Debug|Any CPU
		{08B45054-D930-44BF-977C-41CC8866833D}.ExportRelease|x86.Build.0 = Debug|Any CPU
		{08B45054-D930-44BF-977C-41CC8866833D}.Release|Any CPU.ActiveCfg = Release|Any CPU
		{08B45054-D930-44BF-977C-41CC8866833D}.Release|Any CPU.Build.0 = Release|Any CPU
		{08B45054-D930-44BF-977C-41CC8866833D}.Release|x64.ActiveCfg = Release|Any CPU
		{08B45054-D930-44BF-977C-41CC8866833D}.Release|x64.Build.0 = Release|Any CPU
		{08B45054-D930-44BF-977C-41CC8866833D}.Release|x86.ActiveCfg = Release|Any CPU
		{08B45054-D930-44BF-977C-41CC8866833D}.Release|x86.Build.0 = Release|Any CPU
		{B41D410F-27DF-4A15-8773-74888C5C489A}.Debug|Any CPU.ActiveCfg = Debug|Any CPU
		{B41D410F-27DF-4A15-8773-74888C5C489A}.Debug|Any CPU.Build.0 = Debug|Any CPU
		{B41D410F-27DF-4A15-8773-74888C5C489A}.Debug|x64.ActiveCfg = Debug|Any CPU
		{B41D410F-27DF-4A15-8773-74888C5C489A}.Debug|x64.Build.0 = Debug|Any CPU
		{B41D410F-27DF-4A15-8773-74888C5C489A}.Debug|x86.ActiveCfg = Debug|Any CPU
		{B41D410F-27DF-4A15-8773-74888C5C489A}.Debug|x86.Build.0 = Debug|Any CPU
		{B41D410F-27DF-4A15-8773-74888C5C489A}.ExportDebug|Any CPU.ActiveCfg = Debug|Any CPU
		{B41D410F-27DF-4A15-8773-74888C5C489A}.ExportDebug|Any CPU.Build.0 = Debug|Any CPU
		{B41D410F-27DF-4A15-8773-74888C5C489A}.ExportDebug|x64.ActiveCfg = Debug|Any CPU
		{B41D410F-27DF-4A15-8773-74888C5C489A}.ExportDebug|x64.Build.0 = Debug|Any CPU
		{B41D410F-27DF-4A15-8773-74888C5C489A}.ExportDebug|x86.ActiveCfg = Debug|Any CPU
		{B41D410F-27DF-4A15-8773-74888C5C489A}.ExportDebug|x86.Build.0 = Debug|Any CPU
		{B41D410F-27DF-4A15-8773-74888C5C489A}.ExportRelease|Any CPU.ActiveCfg = Debug|Any CPU
		{B41D410F-27DF-4A15-8773-74888C5C489A}.ExportRelease|Any CPU.Build.0 = Debug|Any CPU
		{B41D410F-27DF-4A15-8773-74888C5C489A}.ExportRelease|x64.ActiveCfg = Debug|Any CPU
		{B41D410F-27DF-4A15-8773-74888C5C489A}.ExportRelease|x64.Build.0 = Debug|Any CPU
		{B41D410F-27DF-4A15-8773-74888C5C489A}.ExportRelease|x86.ActiveCfg = Debug|Any CPU
		{B41D410F-27DF-4A15-8773-74888C5C489A}.ExportRelease|x86.Build.0 = Debug|Any CPU
		{B41D410F-27DF-4A15-8773-74888C5C489A}.Release|Any CPU.ActiveCfg = Release|Any CPU
		{B41D410F-27DF-4A15-8773-74888C5C489A}.Release|Any CPU.Build.0 = Release|Any CPU
		{B41D410F-27DF-4A15-8773-74888C5C489A}.Release|x64.ActiveCfg = Release|Any CPU
		{B41D410F-27DF-4A15-8773-74888C5C489A}.Release|x64.Build.0 = Release|Any CPU
		{B41D410F-27DF-4A15-8773-74888C5C489A}.Release|x86.ActiveCfg = Release|Any CPU
		{B41D410F-27DF-4A15-8773-74888C5C489A}.Release|x86.Build.0 = Release|Any CPU
		{5258587D-210C-4B2A-ADA7-3C49A6EE54B5}.Debug|Any CPU.ActiveCfg = Debug|Any CPU
		{5258587D-210C-4B2A-ADA7-3C49A6EE54B5}.Debug|Any CPU.Build.0 = Debug|Any CPU
		{5258587D-210C-4B2A-ADA7-3C49A6EE54B5}.Debug|x64.ActiveCfg = Debug|Any CPU
		{5258587D-210C-4B2A-ADA7-3C49A6EE54B5}.Debug|x64.Build.0 = Debug|Any CPU
		{5258587D-210C-4B2A-ADA7-3C49A6EE54B5}.Debug|x86.ActiveCfg = Debug|Any CPU
		{5258587D-210C-4B2A-ADA7-3C49A6EE54B5}.Debug|x86.Build.0 = Debug|Any CPU
		{5258587D-210C-4B2A-ADA7-3C49A6EE54B5}.ExportDebug|Any CPU.ActiveCfg = Debug|Any CPU
		{5258587D-210C-4B2A-ADA7-3C49A6EE54B5}.ExportDebug|Any CPU.Build.0 = Debug|Any CPU
		{5258587D-210C-4B2A-ADA7-3C49A6EE54B5}.ExportDebug|x64.ActiveCfg = Debug|Any CPU
		{5258587D-210C-4B2A-ADA7-3C49A6EE54B5}.ExportDebug|x64.Build.0 = Debug|Any CPU
		{5258587D-210C-4B2A-ADA7-3C49A6EE54B5}.ExportDebug|x86.ActiveCfg = Debug|Any CPU
		{5258587D-210C-4B2A-ADA7-3C49A6EE54B5}.ExportDebug|x86.Build.0 = Debug|Any CPU
		{5258587D-210C-4B2A-ADA7-3C49A6EE54B5}.ExportRelease|Any CPU.ActiveCfg = Debug|Any CPU
		{5258587D-210C-4B2A-ADA7-3C49A6EE54B5}.ExportRelease|Any CPU.Build.0 = Debug|Any CPU
		{5258587D-210C-4B2A-ADA7-3C49A6EE54B5}.ExportRelease|x64.ActiveCfg = Debug|Any CPU
		{5258587D-210C-4B2A-ADA7-3C49A6EE54B5}.ExportRelease|x64.Build.0 = Debug|Any CPU
		{5258587D-210C-4B2A-ADA7-3C49A6EE54B5}.ExportRelease|x86.ActiveCfg = Debug|Any CPU
		{5258587D-210C-4B2A-ADA7-3C49A6EE54B5}.ExportRelease|x86.Build.0 = Debug|Any CPU
		{5258587D-210C-4B2A-ADA7-3C49A6EE54B5}.Release|Any CPU.ActiveCfg = Release|Any CPU
		{5258587D-210C-4B2A-ADA7-3C49A6EE54B5}.Release|Any CPU.Build.0 = Release|Any CPU
		{5258587D-210C-4B2A-ADA7-3C49A6EE54B5}.Release|x64.ActiveCfg = Release|Any CPU
		{5258587D-210C-4B2A-ADA7-3C49A6EE54B5}.Release|x64.Build.0 = Release|Any CPU
		{5258587D-210C-4B2A-ADA7-3C49A6EE54B5}.Release|x86.ActiveCfg = Release|Any CPU
		{5258587D-210C-4B2A-ADA7-3C49A6EE54B5}.Release|x86.Build.0 = Release|Any CPU
		{5FBDD05C-4DB1-4AD7-8D22-15DF04A9FD61}.Debug|Any CPU.ActiveCfg = Debug|Any CPU
		{5FBDD05C-4DB1-4AD7-8D22-15DF04A9FD61}.Debug|Any CPU.Build.0 = Debug|Any CPU
		{5FBDD05C-4DB1-4AD7-8D22-15DF04A9FD61}.Debug|x64.ActiveCfg = Debug|Any CPU
		{5FBDD05C-4DB1-4AD7-8D22-15DF04A9FD61}.Debug|x64.Build.0 = Debug|Any CPU
		{5FBDD05C-4DB1-4AD7-8D22-15DF04A9FD61}.Debug|x86.ActiveCfg = Debug|Any CPU
		{5FBDD05C-4DB1-4AD7-8D22-15DF04A9FD61}.Debug|x86.Build.0 = Debug|Any CPU
		{5FBDD05C-4DB1-4AD7-8D22-15DF04A9FD61}.ExportDebug|Any CPU.ActiveCfg = Debug|Any CPU
		{5FBDD05C-4DB1-4AD7-8D22-15DF04A9FD61}.ExportDebug|Any CPU.Build.0 = Debug|Any CPU
		{5FBDD05C-4DB1-4AD7-8D22-15DF04A9FD61}.ExportDebug|x64.ActiveCfg = Debug|Any CPU
		{5FBDD05C-4DB1-4AD7-8D22-15DF04A9FD61}.ExportDebug|x64.Build.0 = Debug|Any CPU
		{5FBDD05C-4DB1-4AD7-8D22-15DF04A9FD61}.ExportDebug|x86.ActiveCfg = Debug|Any CPU
		{5FBDD05C-4DB1-4AD7-8D22-15DF04A9FD61}.ExportDebug|x86.Build.0 = Debug|Any CPU
		{5FBDD05C-4DB1-4AD7-8D22-15DF04A9FD61}.ExportRelease|Any CPU.ActiveCfg = Debug|Any CPU
		{5FBDD05C-4DB1-4AD7-8D22-15DF04A9FD61}.ExportRelease|Any CPU.Build.0 = Debug|Any CPU
		{5FBDD05C-4DB1-4AD7-8D22-15DF04A9FD61}.ExportRelease|x64.ActiveCfg = Debug|Any CPU
		{5FBDD05C-4DB1-4AD7-8D22-15DF04A9FD61}.ExportRelease|x64.Build.0 = Debug|Any CPU
		{5FBDD05C-4DB1-4AD7-8D22-15DF04A9FD61}.ExportRelease|x86.ActiveCfg = Debug|Any CPU
		{5FBDD05C-4DB1-4AD7-8D22-15DF04A9FD61}.ExportRelease|x86.Build.0 = Debug|Any CPU
		{5FBDD05C-4DB1-4AD7-8D22-15DF04A9FD61}.Release|Any CPU.ActiveCfg = Release|Any CPU
		{5FBDD05C-4DB1-4AD7-8D22-15DF04A9FD61}.Release|Any CPU.Build.0 = Release|Any CPU
		{5FBDD05C-4DB1-4AD7-8D22-15DF04A9FD61}.Release|x64.ActiveCfg = Release|Any CPU
		{5FBDD05C-4DB1-4AD7-8D22-15DF04A9FD61}.Release|x64.Build.0 = Release|Any CPU
		{5FBDD05C-4DB1-4AD7-8D22-15DF04A9FD61}.Release|x86.ActiveCfg = Release|Any CPU
		{5FBDD05C-4DB1-4AD7-8D22-15DF04A9FD61}.Release|x86.Build.0 = Release|Any CPU
		{852D8658-A719-4BE8-B031-58FB373E4678}.Debug|Any CPU.ActiveCfg = Debug|Any CPU
		{852D8658-A719-4BE8-B031-58FB373E4678}.Debug|Any CPU.Build.0 = Debug|Any CPU
		{852D8658-A719-4BE8-B031-58FB373E4678}.Debug|x64.ActiveCfg = Debug|Any CPU
		{852D8658-A719-4BE8-B031-58FB373E4678}.Debug|x64.Build.0 = Debug|Any CPU
		{852D8658-A719-4BE8-B031-58FB373E4678}.Debug|x86.ActiveCfg = Debug|Any CPU
		{852D8658-A719-4BE8-B031-58FB373E4678}.Debug|x86.Build.0 = Debug|Any CPU
		{852D8658-A719-4BE8-B031-58FB373E4678}.ExportDebug|Any CPU.ActiveCfg = Debug|Any CPU
		{852D8658-A719-4BE8-B031-58FB373E4678}.ExportDebug|Any CPU.Build.0 = Debug|Any CPU
		{852D8658-A719-4BE8-B031-58FB373E4678}.ExportDebug|x64.ActiveCfg = Debug|Any CPU
		{852D8658-A719-4BE8-B031-58FB373E4678}.ExportDebug|x64.Build.0 = Debug|Any CPU
		{852D8658-A719-4BE8-B031-58FB373E4678}.ExportDebug|x86.ActiveCfg = Debug|Any CPU
		{852D8658-A719-4BE8-B031-58FB373E4678}.ExportDebug|x86.Build.0 = Debug|Any CPU
		{852D8658-A719-4BE8-B031-58FB373E4678}.ExportRelease|Any CPU.ActiveCfg = Debug|Any CPU
		{852D8658-A719-4BE8-B031-58FB373E4678}.ExportRelease|Any CPU.Build.0 = Debug|Any CPU
		{852D8658-A719-4BE8-B031-58FB373E4678}.ExportRelease|x64.ActiveCfg = Debug|Any CPU
		{852D8658-A719-4BE8-B031-58FB373E4678}.ExportRelease|x64.Build.0 = Debug|Any CPU
		{852D8658-A719-4BE8-B031-58FB373E4678}.ExportRelease|x86.ActiveCfg = Debug|Any CPU
		{852D8658-A719-4BE8-B031-58FB373E4678}.ExportRelease|x86.Build.0 = Debug|Any CPU
		{852D8658-A719-4BE8-B031-58FB373E4678}.Release|Any CPU.ActiveCfg = Release|Any CPU
		{852D8658-A719-4BE8-B031-58FB373E4678}.Release|Any CPU.Build.0 = Release|Any CPU
		{852D8658-A719-4BE8-B031-58FB373E4678}.Release|x64.ActiveCfg = Release|Any CPU
		{852D8658-A719-4BE8-B031-58FB373E4678}.Release|x64.Build.0 = Release|Any CPU
		{852D8658-A719-4BE8-B031-58FB373E4678}.Release|x86.ActiveCfg = Release|Any CPU
		{852D8658-A719-4BE8-B031-58FB373E4678}.Release|x86.Build.0 = Release|Any CPU
		{234AF59A-97BE-4D30-A695-A8977B4AD396}.Debug|Any CPU.ActiveCfg = Debug|Any CPU
		{234AF59A-97BE-4D30-A695-A8977B4AD396}.Debug|Any CPU.Build.0 = Debug|Any CPU
		{234AF59A-97BE-4D30-A695-A8977B4AD396}.Debug|x64.ActiveCfg = Debug|Any CPU
		{234AF59A-97BE-4D30-A695-A8977B4AD396}.Debug|x64.Build.0 = Debug|Any CPU
		{234AF59A-97BE-4D30-A695-A8977B4AD396}.Debug|x86.ActiveCfg = Debug|Any CPU
		{234AF59A-97BE-4D30-A695-A8977B4AD396}.Debug|x86.Build.0 = Debug|Any CPU
		{234AF59A-97BE-4D30-A695-A8977B4AD396}.ExportDebug|Any CPU.ActiveCfg = Debug|Any CPU
		{234AF59A-97BE-4D30-A695-A8977B4AD396}.ExportDebug|Any CPU.Build.0 = Debug|Any CPU
		{234AF59A-97BE-4D30-A695-A8977B4AD396}.ExportDebug|x64.ActiveCfg = Debug|Any CPU
		{234AF59A-97BE-4D30-A695-A8977B4AD396}.ExportDebug|x64.Build.0 = Debug|Any CPU
		{234AF59A-97BE-4D30-A695-A8977B4AD396}.ExportDebug|x86.ActiveCfg = Debug|Any CPU
		{234AF59A-97BE-4D30-A695-A8977B4AD396}.ExportDebug|x86.Build.0 = Debug|Any CPU
		{234AF59A-97BE-4D30-A695-A8977B4AD396}.ExportRelease|Any CPU.ActiveCfg = Debug|Any CPU
		{234AF59A-97BE-4D30-A695-A8977B4AD396}.ExportRelease|Any CPU.Build.0 = Debug|Any CPU
		{234AF59A-97BE-4D30-A695-A8977B4AD396}.ExportRelease|x64.ActiveCfg = Debug|Any CPU
		{234AF59A-97BE-4D30-A695-A8977B4AD396}.ExportRelease|x64.Build.0 = Debug|Any CPU
		{234AF59A-97BE-4D30-A695-A8977B4AD396}.ExportRelease|x86.ActiveCfg = Debug|Any CPU
		{234AF59A-97BE-4D30-A695-A8977B4AD396}.ExportRelease|x86.Build.0 = Debug|Any CPU
		{234AF59A-97BE-4D30-A695-A8977B4AD396}.Release|Any CPU.ActiveCfg = Release|Any CPU
		{234AF59A-97BE-4D30-A695-A8977B4AD396}.Release|Any CPU.Build.0 = Release|Any CPU
		{234AF59A-97BE-4D30-A695-A8977B4AD396}.Release|x64.ActiveCfg = Release|Any CPU
		{234AF59A-97BE-4D30-A695-A8977B4AD396}.Release|x64.Build.0 = Release|Any CPU
		{234AF59A-97BE-4D30-A695-A8977B4AD396}.Release|x86.ActiveCfg = Release|Any CPU
		{234AF59A-97BE-4D30-A695-A8977B4AD396}.Release|x86.Build.0 = Release|Any CPU
		{D68DBC92-1BB3-452C-9524-830AAD4AC6D1}.Debug|Any CPU.ActiveCfg = Debug|Any CPU
		{D68DBC92-1BB3-452C-9524-830AAD4AC6D1}.Debug|Any CPU.Build.0 = Debug|Any CPU
		{D68DBC92-1BB3-452C-9524-830AAD4AC6D1}.Debug|x64.ActiveCfg = Debug|Any CPU
		{D68DBC92-1BB3-452C-9524-830AAD4AC6D1}.Debug|x64.Build.0 = Debug|Any CPU
		{D68DBC92-1BB3-452C-9524-830AAD4AC6D1}.Debug|x86.ActiveCfg = Debug|Any CPU
		{D68DBC92-1BB3-452C-9524-830AAD4AC6D1}.Debug|x86.Build.0 = Debug|Any CPU
		{D68DBC92-1BB3-452C-9524-830AAD4AC6D1}.ExportDebug|Any CPU.ActiveCfg = Debug|Any CPU
		{D68DBC92-1BB3-452C-9524-830AAD4AC6D1}.ExportDebug|Any CPU.Build.0 = Debug|Any CPU
		{D68DBC92-1BB3-452C-9524-830AAD4AC6D1}.ExportDebug|x64.ActiveCfg = Debug|Any CPU
		{D68DBC92-1BB3-452C-9524-830AAD4AC6D1}.ExportDebug|x64.Build.0 = Debug|Any CPU
		{D68DBC92-1BB3-452C-9524-830AAD4AC6D1}.ExportDebug|x86.ActiveCfg = Debug|Any CPU
		{D68DBC92-1BB3-452C-9524-830AAD4AC6D1}.ExportDebug|x86.Build.0 = Debug|Any CPU
		{D68DBC92-1BB3-452C-9524-830AAD4AC6D1}.ExportRelease|Any CPU.ActiveCfg = Debug|Any CPU
		{D68DBC92-1BB3-452C-9524-830AAD4AC6D1}.ExportRelease|Any CPU.Build.0 = Debug|Any CPU
		{D68DBC92-1BB3-452C-9524-830AAD4AC6D1}.ExportRelease|x64.ActiveCfg = Debug|Any CPU
		{D68DBC92-1BB3-452C-9524-830AAD4AC6D1}.ExportRelease|x64.Build.0 = Debug|Any CPU
		{D68DBC92-1BB3-452C-9524-830AAD4AC6D1}.ExportRelease|x86.ActiveCfg = Debug|Any CPU
		{D68DBC92-1BB3-452C-9524-830AAD4AC6D1}.ExportRelease|x86.Build.0 = Debug|Any CPU
		{D68DBC92-1BB3-452C-9524-830AAD4AC6D1}.Release|Any CPU.ActiveCfg = Release|Any CPU
		{D68DBC92-1BB3-452C-9524-830AAD4AC6D1}.Release|Any CPU.Build.0 = Release|Any CPU
		{D68DBC92-1BB3-452C-9524-830AAD4AC6D1}.Release|x64.ActiveCfg = Release|Any CPU
		{D68DBC92-1BB3-452C-9524-830AAD4AC6D1}.Release|x64.Build.0 = Release|Any CPU
		{D68DBC92-1BB3-452C-9524-830AAD4AC6D1}.Release|x86.ActiveCfg = Release|Any CPU
		{D68DBC92-1BB3-452C-9524-830AAD4AC6D1}.Release|x86.Build.0 = Release|Any CPU
		{E9CA056D-6A89-4895-AE50-A17176C83400}.Debug|Any CPU.ActiveCfg = Debug|Any CPU
		{E9CA056D-6A89-4895-AE50-A17176C83400}.Debug|Any CPU.Build.0 = Debug|Any CPU
		{E9CA056D-6A89-4895-AE50-A17176C83400}.Debug|x64.ActiveCfg = Debug|Any CPU
		{E9CA056D-6A89-4895-AE50-A17176C83400}.Debug|x64.Build.0 = Debug|Any CPU
		{E9CA056D-6A89-4895-AE50-A17176C83400}.Debug|x86.ActiveCfg = Debug|Any CPU
		{E9CA056D-6A89-4895-AE50-A17176C83400}.Debug|x86.Build.0 = Debug|Any CPU
		{E9CA056D-6A89-4895-AE50-A17176C83400}.ExportDebug|Any CPU.ActiveCfg = Debug|Any CPU
		{E9CA056D-6A89-4895-AE50-A17176C83400}.ExportDebug|Any CPU.Build.0 = Debug|Any CPU
		{E9CA056D-6A89-4895-AE50-A17176C83400}.ExportDebug|x64.ActiveCfg = Debug|Any CPU
		{E9CA056D-6A89-4895-AE50-A17176C83400}.ExportDebug|x64.Build.0 = Debug|Any CPU
		{E9CA056D-6A89-4895-AE50-A17176C83400}.ExportDebug|x86.ActiveCfg = Debug|Any CPU
		{E9CA056D-6A89-4895-AE50-A17176C83400}.ExportDebug|x86.Build.0 = Debug|Any CPU
		{E9CA056D-6A89-4895-AE50-A17176C83400}.ExportRelease|Any CPU.ActiveCfg = Debug|Any CPU
		{E9CA056D-6A89-4895-AE50-A17176C83400}.ExportRelease|Any CPU.Build.0 = Debug|Any CPU
		{E9CA056D-6A89-4895-AE50-A17176C83400}.ExportRelease|x64.ActiveCfg = Debug|Any CPU
		{E9CA056D-6A89-4895-AE50-A17176C83400}.ExportRelease|x64.Build.0 = Debug|Any CPU
		{E9CA056D-6A89-4895-AE50-A17176C83400}.ExportRelease|x86.ActiveCfg = Debug|Any CPU
		{E9CA056D-6A89-4895-AE50-A17176C83400}.ExportRelease|x86.Build.0 = Debug|Any CPU
		{E9CA056D-6A89-4895-AE50-A17176C83400}.Release|Any CPU.ActiveCfg = Release|Any CPU
		{E9CA056D-6A89-4895-AE50-A17176C83400}.Release|Any CPU.Build.0 = Release|Any CPU
		{E9CA056D-6A89-4895-AE50-A17176C83400}.Release|x64.ActiveCfg = Release|Any CPU
		{E9CA056D-6A89-4895-AE50-A17176C83400}.Release|x64.Build.0 = Release|Any CPU
		{E9CA056D-6A89-4895-AE50-A17176C83400}.Release|x86.ActiveCfg = Release|Any CPU
		{E9CA056D-6A89-4895-AE50-A17176C83400}.Release|x86.Build.0 = Release|Any CPU
		{DFD0AE1D-111F-4179-8A1A-BC4ED9EF34A4}.Debug|Any CPU.ActiveCfg = Debug|Any CPU
		{DFD0AE1D-111F-4179-8A1A-BC4ED9EF34A4}.Debug|Any CPU.Build.0 = Debug|Any CPU
		{DFD0AE1D-111F-4179-8A1A-BC4ED9EF34A4}.Debug|x64.ActiveCfg = Debug|Any CPU
		{DFD0AE1D-111F-4179-8A1A-BC4ED9EF34A4}.Debug|x64.Build.0 = Debug|Any CPU
		{DFD0AE1D-111F-4179-8A1A-BC4ED9EF34A4}.Debug|x86.ActiveCfg = Debug|Any CPU
		{DFD0AE1D-111F-4179-8A1A-BC4ED9EF34A4}.Debug|x86.Build.0 = Debug|Any CPU
		{DFD0AE1D-111F-4179-8A1A-BC4ED9EF34A4}.ExportDebug|Any CPU.ActiveCfg = Debug|Any CPU
		{DFD0AE1D-111F-4179-8A1A-BC4ED9EF34A4}.ExportDebug|Any CPU.Build.0 = Debug|Any CPU
		{DFD0AE1D-111F-4179-8A1A-BC4ED9EF34A4}.ExportDebug|x64.ActiveCfg = Debug|Any CPU
		{DFD0AE1D-111F-4179-8A1A-BC4ED9EF34A4}.ExportDebug|x64.Build.0 = Debug|Any CPU
		{DFD0AE1D-111F-4179-8A1A-BC4ED9EF34A4}.ExportDebug|x86.ActiveCfg = Debug|Any CPU
		{DFD0AE1D-111F-4179-8A1A-BC4ED9EF34A4}.ExportDebug|x86.Build.0 = Debug|Any CPU
		{DFD0AE1D-111F-4179-8A1A-BC4ED9EF34A4}.ExportRelease|Any CPU.ActiveCfg = Debug|Any CPU
		{DFD0AE1D-111F-4179-8A1A-BC4ED9EF34A4}.ExportRelease|Any CPU.Build.0 = Debug|Any CPU
		{DFD0AE1D-111F-4179-8A1A-BC4ED9EF34A4}.ExportRelease|x64.ActiveCfg = Debug|Any CPU
		{DFD0AE1D-111F-4179-8A1A-BC4ED9EF34A4}.ExportRelease|x64.Build.0 = Debug|Any CPU
		{DFD0AE1D-111F-4179-8A1A-BC4ED9EF34A4}.ExportRelease|x86.ActiveCfg = Debug|Any CPU
		{DFD0AE1D-111F-4179-8A1A-BC4ED9EF34A4}.ExportRelease|x86.Build.0 = Debug|Any CPU
		{DFD0AE1D-111F-4179-8A1A-BC4ED9EF34A4}.Release|Any CPU.ActiveCfg = Release|Any CPU
		{DFD0AE1D-111F-4179-8A1A-BC4ED9EF34A4}.Release|Any CPU.Build.0 = Release|Any CPU
		{DFD0AE1D-111F-4179-8A1A-BC4ED9EF34A4}.Release|x64.ActiveCfg = Release|Any CPU
		{DFD0AE1D-111F-4179-8A1A-BC4ED9EF34A4}.Release|x64.Build.0 = Release|Any CPU
		{DFD0AE1D-111F-4179-8A1A-BC4ED9EF34A4}.Release|x86.ActiveCfg = Release|Any CPU
		{DFD0AE1D-111F-4179-8A1A-BC4ED9EF34A4}.Release|x86.Build.0 = Release|Any CPU
		{D042BAE9-AE4A-4C58-ABDC-EE10AB3A0440}.Debug|Any CPU.ActiveCfg = Debug|Any CPU
		{D042BAE9-AE4A-4C58-ABDC-EE10AB3A0440}.Debug|Any CPU.Build.0 = Debug|Any CPU
		{D042BAE9-AE4A-4C58-ABDC-EE10AB3A0440}.Debug|x64.ActiveCfg = Debug|Any CPU
		{D042BAE9-AE4A-4C58-ABDC-EE10AB3A0440}.Debug|x64.Build.0 = Debug|Any CPU
		{D042BAE9-AE4A-4C58-ABDC-EE10AB3A0440}.Debug|x86.ActiveCfg = Debug|Any CPU
		{D042BAE9-AE4A-4C58-ABDC-EE10AB3A0440}.Debug|x86.Build.0 = Debug|Any CPU
		{D042BAE9-AE4A-4C58-ABDC-EE10AB3A0440}.ExportDebug|Any CPU.ActiveCfg = Debug|Any CPU
		{D042BAE9-AE4A-4C58-ABDC-EE10AB3A0440}.ExportDebug|Any CPU.Build.0 = Debug|Any CPU
		{D042BAE9-AE4A-4C58-ABDC-EE10AB3A0440}.ExportDebug|x64.ActiveCfg = Debug|Any CPU
		{D042BAE9-AE4A-4C58-ABDC-EE10AB3A0440}.ExportDebug|x64.Build.0 = Debug|Any CPU
		{D042BAE9-AE4A-4C58-ABDC-EE10AB3A0440}.ExportDebug|x86.ActiveCfg = Debug|Any CPU
		{D042BAE9-AE4A-4C58-ABDC-EE10AB3A0440}.ExportDebug|x86.Build.0 = Debug|Any CPU
		{D042BAE9-AE4A-4C58-ABDC-EE10AB3A0440}.ExportRelease|Any CPU.ActiveCfg = Debug|Any CPU
		{D042BAE9-AE4A-4C58-ABDC-EE10AB3A0440}.ExportRelease|Any CPU.Build.0 = Debug|Any CPU
		{D042BAE9-AE4A-4C58-ABDC-EE10AB3A0440}.ExportRelease|x64.ActiveCfg = Debug|Any CPU
		{D042BAE9-AE4A-4C58-ABDC-EE10AB3A0440}.ExportRelease|x64.Build.0 = Debug|Any CPU
		{D042BAE9-AE4A-4C58-ABDC-EE10AB3A0440}.ExportRelease|x86.ActiveCfg = Debug|Any CPU
		{D042BAE9-AE4A-4C58-ABDC-EE10AB3A0440}.ExportRelease|x86.Build.0 = Debug|Any CPU
		{D042BAE9-AE4A-4C58-ABDC-EE10AB3A0440}.Release|Any CPU.ActiveCfg = Release|Any CPU
		{D042BAE9-AE4A-4C58-ABDC-EE10AB3A0440}.Release|Any CPU.Build.0 = Release|Any CPU
		{D042BAE9-AE4A-4C58-ABDC-EE10AB3A0440}.Release|x64.ActiveCfg = Release|Any CPU
		{D042BAE9-AE4A-4C58-ABDC-EE10AB3A0440}.Release|x64.Build.0 = Release|Any CPU
		{D042BAE9-AE4A-4C58-ABDC-EE10AB3A0440}.Release|x86.ActiveCfg = Release|Any CPU
		{D042BAE9-AE4A-4C58-ABDC-EE10AB3A0440}.Release|x86.Build.0 = Release|Any CPU
		{D049C2A7-457E-4DED-A4E4-F68C5C30B8DA}.Debug|Any CPU.ActiveCfg = Debug|Any CPU
		{D049C2A7-457E-4DED-A4E4-F68C5C30B8DA}.Debug|Any CPU.Build.0 = Debug|Any CPU
		{D049C2A7-457E-4DED-A4E4-F68C5C30B8DA}.Debug|x64.ActiveCfg = Debug|Any CPU
		{D049C2A7-457E-4DED-A4E4-F68C5C30B8DA}.Debug|x64.Build.0 = Debug|Any CPU
		{D049C2A7-457E-4DED-A4E4-F68C5C30B8DA}.Debug|x86.ActiveCfg = Debug|Any CPU
		{D049C2A7-457E-4DED-A4E4-F68C5C30B8DA}.Debug|x86.Build.0 = Debug|Any CPU
		{D049C2A7-457E-4DED-A4E4-F68C5C30B8DA}.ExportDebug|Any CPU.ActiveCfg = Debug|Any CPU
		{D049C2A7-457E-4DED-A4E4-F68C5C30B8DA}.ExportDebug|Any CPU.Build.0 = Debug|Any CPU
		{D049C2A7-457E-4DED-A4E4-F68C5C30B8DA}.ExportDebug|x64.ActiveCfg = Debug|Any CPU
		{D049C2A7-457E-4DED-A4E4-F68C5C30B8DA}.ExportDebug|x64.Build.0 = Debug|Any CPU
		{D049C2A7-457E-4DED-A4E4-F68C5C30B8DA}.ExportDebug|x86.ActiveCfg = Debug|Any CPU
		{D049C2A7-457E-4DED-A4E4-F68C5C30B8DA}.ExportDebug|x86.Build.0 = Debug|Any CPU
		{D049C2A7-457E-4DED-A4E4-F68C5C30B8DA}.ExportRelease|Any CPU.ActiveCfg = Debug|Any CPU
		{D049C2A7-457E-4DED-A4E4-F68C5C30B8DA}.ExportRelease|Any CPU.Build.0 = Debug|Any CPU
		{D049C2A7-457E-4DED-A4E4-F68C5C30B8DA}.ExportRelease|x64.ActiveCfg = Debug|Any CPU
		{D049C2A7-457E-4DED-A4E4-F68C5C30B8DA}.ExportRelease|x64.Build.0 = Debug|Any CPU
		{D049C2A7-457E-4DED-A4E4-F68C5C30B8DA}.ExportRelease|x86.ActiveCfg = Debug|Any CPU
		{D049C2A7-457E-4DED-A4E4-F68C5C30B8DA}.ExportRelease|x86.Build.0 = Debug|Any CPU
		{D049C2A7-457E-4DED-A4E4-F68C5C30B8DA}.Release|Any CPU.ActiveCfg = Release|Any CPU
		{D049C2A7-457E-4DED-A4E4-F68C5C30B8DA}.Release|Any CPU.Build.0 = Release|Any CPU
		{D049C2A7-457E-4DED-A4E4-F68C5C30B8DA}.Release|x64.ActiveCfg = Release|Any CPU
		{D049C2A7-457E-4DED-A4E4-F68C5C30B8DA}.Release|x64.Build.0 = Release|Any CPU
		{D049C2A7-457E-4DED-A4E4-F68C5C30B8DA}.Release|x86.ActiveCfg = Release|Any CPU
		{D049C2A7-457E-4DED-A4E4-F68C5C30B8DA}.Release|x86.Build.0 = Release|Any CPU
		{AEA6F425-3C75-478B-B45A-71646245FF13}.Debug|Any CPU.ActiveCfg = Debug|Any CPU
		{AEA6F425-3C75-478B-B45A-71646245FF13}.Debug|Any CPU.Build.0 = Debug|Any CPU
		{AEA6F425-3C75-478B-B45A-71646245FF13}.Debug|x64.ActiveCfg = Debug|Any CPU
		{AEA6F425-3C75-478B-B45A-71646245FF13}.Debug|x64.Build.0 = Debug|Any CPU
		{AEA6F425-3C75-478B-B45A-71646245FF13}.Debug|x86.ActiveCfg = Debug|Any CPU
		{AEA6F425-3C75-478B-B45A-71646245FF13}.Debug|x86.Build.0 = Debug|Any CPU
		{AEA6F425-3C75-478B-B45A-71646245FF13}.ExportDebug|Any CPU.ActiveCfg = Debug|Any CPU
		{AEA6F425-3C75-478B-B45A-71646245FF13}.ExportDebug|Any CPU.Build.0 = Debug|Any CPU
		{AEA6F425-3C75-478B-B45A-71646245FF13}.ExportDebug|x64.ActiveCfg = Debug|Any CPU
		{AEA6F425-3C75-478B-B45A-71646245FF13}.ExportDebug|x64.Build.0 = Debug|Any CPU
		{AEA6F425-3C75-478B-B45A-71646245FF13}.ExportDebug|x86.ActiveCfg = Debug|Any CPU
		{AEA6F425-3C75-478B-B45A-71646245FF13}.ExportDebug|x86.Build.0 = Debug|Any CPU
		{AEA6F425-3C75-478B-B45A-71646245FF13}.ExportRelease|Any CPU.ActiveCfg = Debug|Any CPU
		{AEA6F425-3C75-478B-B45A-71646245FF13}.ExportRelease|Any CPU.Build.0 = Debug|Any CPU
		{AEA6F425-3C75-478B-B45A-71646245FF13}.ExportRelease|x64.ActiveCfg = Debug|Any CPU
		{AEA6F425-3C75-478B-B45A-71646245FF13}.ExportRelease|x64.Build.0 = Debug|Any CPU
		{AEA6F425-3C75-478B-B45A-71646245FF13}.ExportRelease|x86.ActiveCfg = Debug|Any CPU
		{AEA6F425-3C75-478B-B45A-71646245FF13}.ExportRelease|x86.Build.0 = Debug|Any CPU
		{AEA6F425-3C75-478B-B45A-71646245FF13}.Release|Any CPU.ActiveCfg = Release|Any CPU
		{AEA6F425-3C75-478B-B45A-71646245FF13}.Release|Any CPU.Build.0 = Release|Any CPU
		{AEA6F425-3C75-478B-B45A-71646245FF13}.Release|x64.ActiveCfg = Release|Any CPU
		{AEA6F425-3C75-478B-B45A-71646245FF13}.Release|x64.Build.0 = Release|Any CPU
		{AEA6F425-3C75-478B-B45A-71646245FF13}.Release|x86.ActiveCfg = Release|Any CPU
		{AEA6F425-3C75-478B-B45A-71646245FF13}.Release|x86.Build.0 = Release|Any CPU
		{39D99027-BB1D-4144-BCE2-A63B46D45BC6}.Debug|Any CPU.ActiveCfg = Debug|Any CPU
		{39D99027-BB1D-4144-BCE2-A63B46D45BC6}.Debug|Any CPU.Build.0 = Debug|Any CPU
		{39D99027-BB1D-4144-BCE2-A63B46D45BC6}.Debug|x64.ActiveCfg = Debug|Any CPU
		{39D99027-BB1D-4144-BCE2-A63B46D45BC6}.Debug|x64.Build.0 = Debug|Any CPU
		{39D99027-BB1D-4144-BCE2-A63B46D45BC6}.Debug|x86.ActiveCfg = Debug|Any CPU
		{39D99027-BB1D-4144-BCE2-A63B46D45BC6}.Debug|x86.Build.0 = Debug|Any CPU
		{39D99027-BB1D-4144-BCE2-A63B46D45BC6}.ExportDebug|Any CPU.ActiveCfg = Debug|Any CPU
		{39D99027-BB1D-4144-BCE2-A63B46D45BC6}.ExportDebug|Any CPU.Build.0 = Debug|Any CPU
		{39D99027-BB1D-4144-BCE2-A63B46D45BC6}.ExportDebug|x64.ActiveCfg = Debug|Any CPU
		{39D99027-BB1D-4144-BCE2-A63B46D45BC6}.ExportDebug|x64.Build.0 = Debug|Any CPU
		{39D99027-BB1D-4144-BCE2-A63B46D45BC6}.ExportDebug|x86.ActiveCfg = Debug|Any CPU
		{39D99027-BB1D-4144-BCE2-A63B46D45BC6}.ExportDebug|x86.Build.0 = Debug|Any CPU
		{39D99027-BB1D-4144-BCE2-A63B46D45BC6}.ExportRelease|Any CPU.ActiveCfg = Debug|Any CPU
		{39D99027-BB1D-4144-BCE2-A63B46D45BC6}.ExportRelease|Any CPU.Build.0 = Debug|Any CPU
		{39D99027-BB1D-4144-BCE2-A63B46D45BC6}.ExportRelease|x64.ActiveCfg = Debug|Any CPU
		{39D99027-BB1D-4144-BCE2-A63B46D45BC6}.ExportRelease|x64.Build.0 = Debug|Any CPU
		{39D99027-BB1D-4144-BCE2-A63B46D45BC6}.ExportRelease|x86.ActiveCfg = Debug|Any CPU
		{39D99027-BB1D-4144-BCE2-A63B46D45BC6}.ExportRelease|x86.Build.0 = Debug|Any CPU
		{39D99027-BB1D-4144-BCE2-A63B46D45BC6}.Release|Any CPU.ActiveCfg = Release|Any CPU
		{39D99027-BB1D-4144-BCE2-A63B46D45BC6}.Release|Any CPU.Build.0 = Release|Any CPU
		{39D99027-BB1D-4144-BCE2-A63B46D45BC6}.Release|x64.ActiveCfg = Release|Any CPU
		{39D99027-BB1D-4144-BCE2-A63B46D45BC6}.Release|x64.Build.0 = Release|Any CPU
		{39D99027-BB1D-4144-BCE2-A63B46D45BC6}.Release|x86.ActiveCfg = Release|Any CPU
		{39D99027-BB1D-4144-BCE2-A63B46D45BC6}.Release|x86.Build.0 = Release|Any CPU
		{57281356-5F7D-486E-B2E3-C981481784F1}.Debug|Any CPU.ActiveCfg = Debug|Any CPU
		{57281356-5F7D-486E-B2E3-C981481784F1}.Debug|Any CPU.Build.0 = Debug|Any CPU
		{57281356-5F7D-486E-B2E3-C981481784F1}.Debug|x64.ActiveCfg = Debug|Any CPU
		{57281356-5F7D-486E-B2E3-C981481784F1}.Debug|x64.Build.0 = Debug|Any CPU
		{57281356-5F7D-486E-B2E3-C981481784F1}.Debug|x86.ActiveCfg = Debug|Any CPU
		{57281356-5F7D-486E-B2E3-C981481784F1}.Debug|x86.Build.0 = Debug|Any CPU
		{57281356-5F7D-486E-B2E3-C981481784F1}.ExportDebug|Any CPU.ActiveCfg = Debug|Any CPU
		{57281356-5F7D-486E-B2E3-C981481784F1}.ExportDebug|Any CPU.Build.0 = Debug|Any CPU
		{57281356-5F7D-486E-B2E3-C981481784F1}.ExportDebug|x64.ActiveCfg = Debug|Any CPU
		{57281356-5F7D-486E-B2E3-C981481784F1}.ExportDebug|x64.Build.0 = Debug|Any CPU
		{57281356-5F7D-486E-B2E3-C981481784F1}.ExportDebug|x86.ActiveCfg = Debug|Any CPU
		{57281356-5F7D-486E-B2E3-C981481784F1}.ExportDebug|x86.Build.0 = Debug|Any CPU
		{57281356-5F7D-486E-B2E3-C981481784F1}.ExportRelease|Any CPU.ActiveCfg = Debug|Any CPU
		{57281356-5F7D-486E-B2E3-C981481784F1}.ExportRelease|Any CPU.Build.0 = Debug|Any CPU
		{57281356-5F7D-486E-B2E3-C981481784F1}.ExportRelease|x64.ActiveCfg = Debug|Any CPU
		{57281356-5F7D-486E-B2E3-C981481784F1}.ExportRelease|x64.Build.0 = Debug|Any CPU
		{57281356-5F7D-486E-B2E3-C981481784F1}.ExportRelease|x86.ActiveCfg = Debug|Any CPU
		{57281356-5F7D-486E-B2E3-C981481784F1}.ExportRelease|x86.Build.0 = Debug|Any CPU
		{57281356-5F7D-486E-B2E3-C981481784F1}.Release|Any CPU.ActiveCfg = Release|Any CPU
		{57281356-5F7D-486E-B2E3-C981481784F1}.Release|Any CPU.Build.0 = Release|Any CPU
		{57281356-5F7D-486E-B2E3-C981481784F1}.Release|x64.ActiveCfg = Release|Any CPU
		{57281356-5F7D-486E-B2E3-C981481784F1}.Release|x64.Build.0 = Release|Any CPU
		{57281356-5F7D-486E-B2E3-C981481784F1}.Release|x86.ActiveCfg = Release|Any CPU
		{57281356-5F7D-486E-B2E3-C981481784F1}.Release|x86.Build.0 = Release|Any CPU
		{6FA7362F-00E7-4FF2-9E62-3168CAB58A7D}.Debug|Any CPU.ActiveCfg = Debug|Any CPU
		{6FA7362F-00E7-4FF2-9E62-3168CAB58A7D}.Debug|Any CPU.Build.0 = Debug|Any CPU
		{6FA7362F-00E7-4FF2-9E62-3168CAB58A7D}.Debug|x64.ActiveCfg = Debug|Any CPU
		{6FA7362F-00E7-4FF2-9E62-3168CAB58A7D}.Debug|x64.Build.0 = Debug|Any CPU
		{6FA7362F-00E7-4FF2-9E62-3168CAB58A7D}.Debug|x86.ActiveCfg = Debug|Any CPU
		{6FA7362F-00E7-4FF2-9E62-3168CAB58A7D}.Debug|x86.Build.0 = Debug|Any CPU
		{6FA7362F-00E7-4FF2-9E62-3168CAB58A7D}.ExportDebug|Any CPU.ActiveCfg = Debug|Any CPU
		{6FA7362F-00E7-4FF2-9E62-3168CAB58A7D}.ExportDebug|Any CPU.Build.0 = Debug|Any CPU
		{6FA7362F-00E7-4FF2-9E62-3168CAB58A7D}.ExportDebug|x64.ActiveCfg = Debug|Any CPU
		{6FA7362F-00E7-4FF2-9E62-3168CAB58A7D}.ExportDebug|x64.Build.0 = Debug|Any CPU
		{6FA7362F-00E7-4FF2-9E62-3168CAB58A7D}.ExportDebug|x86.ActiveCfg = Debug|Any CPU
		{6FA7362F-00E7-4FF2-9E62-3168CAB58A7D}.ExportDebug|x86.Build.0 = Debug|Any CPU
		{6FA7362F-00E7-4FF2-9E62-3168CAB58A7D}.ExportRelease|Any CPU.ActiveCfg = Debug|Any CPU
		{6FA7362F-00E7-4FF2-9E62-3168CAB58A7D}.ExportRelease|Any CPU.Build.0 = Debug|Any CPU
		{6FA7362F-00E7-4FF2-9E62-3168CAB58A7D}.ExportRelease|x64.ActiveCfg = Debug|Any CPU
		{6FA7362F-00E7-4FF2-9E62-3168CAB58A7D}.ExportRelease|x64.Build.0 = Debug|Any CPU
		{6FA7362F-00E7-4FF2-9E62-3168CAB58A7D}.ExportRelease|x86.ActiveCfg = Debug|Any CPU
		{6FA7362F-00E7-4FF2-9E62-3168CAB58A7D}.ExportRelease|x86.Build.0 = Debug|Any CPU
		{6FA7362F-00E7-4FF2-9E62-3168CAB58A7D}.Release|Any CPU.ActiveCfg = Release|Any CPU
		{6FA7362F-00E7-4FF2-9E62-3168CAB58A7D}.Release|Any CPU.Build.0 = Release|Any CPU
		{6FA7362F-00E7-4FF2-9E62-3168CAB58A7D}.Release|x64.ActiveCfg = Release|Any CPU
		{6FA7362F-00E7-4FF2-9E62-3168CAB58A7D}.Release|x64.Build.0 = Release|Any CPU
		{6FA7362F-00E7-4FF2-9E62-3168CAB58A7D}.Release|x86.ActiveCfg = Release|Any CPU
		{6FA7362F-00E7-4FF2-9E62-3168CAB58A7D}.Release|x86.Build.0 = Release|Any CPU
		{2B8A3BA8-3E3A-4C3E-B27E-55301E80EE65}.Debug|Any CPU.ActiveCfg = Debug|Any CPU
		{2B8A3BA8-3E3A-4C3E-B27E-55301E80EE65}.Debug|Any CPU.Build.0 = Debug|Any CPU
		{2B8A3BA8-3E3A-4C3E-B27E-55301E80EE65}.Debug|x64.ActiveCfg = Debug|Any CPU
		{2B8A3BA8-3E3A-4C3E-B27E-55301E80EE65}.Debug|x64.Build.0 = Debug|Any CPU
		{2B8A3BA8-3E3A-4C3E-B27E-55301E80EE65}.Debug|x86.ActiveCfg = Debug|Any CPU
		{2B8A3BA8-3E3A-4C3E-B27E-55301E80EE65}.Debug|x86.Build.0 = Debug|Any CPU
		{2B8A3BA8-3E3A-4C3E-B27E-55301E80EE65}.ExportDebug|Any CPU.ActiveCfg = Debug|Any CPU
		{2B8A3BA8-3E3A-4C3E-B27E-55301E80EE65}.ExportDebug|Any CPU.Build.0 = Debug|Any CPU
		{2B8A3BA8-3E3A-4C3E-B27E-55301E80EE65}.ExportDebug|x64.ActiveCfg = Debug|Any CPU
		{2B8A3BA8-3E3A-4C3E-B27E-55301E80EE65}.ExportDebug|x64.Build.0 = Debug|Any CPU
		{2B8A3BA8-3E3A-4C3E-B27E-55301E80EE65}.ExportDebug|x86.ActiveCfg = Debug|Any CPU
		{2B8A3BA8-3E3A-4C3E-B27E-55301E80EE65}.ExportDebug|x86.Build.0 = Debug|Any CPU
		{2B8A3BA8-3E3A-4C3E-B27E-55301E80EE65}.ExportRelease|Any CPU.ActiveCfg = Debug|Any CPU
		{2B8A3BA8-3E3A-4C3E-B27E-55301E80EE65}.ExportRelease|Any CPU.Build.0 = Debug|Any CPU
		{2B8A3BA8-3E3A-4C3E-B27E-55301E80EE65}.ExportRelease|x64.ActiveCfg = Debug|Any CPU
		{2B8A3BA8-3E3A-4C3E-B27E-55301E80EE65}.ExportRelease|x64.Build.0 = Debug|Any CPU
		{2B8A3BA8-3E3A-4C3E-B27E-55301E80EE65}.ExportRelease|x86.ActiveCfg = Debug|Any CPU
		{2B8A3BA8-3E3A-4C3E-B27E-55301E80EE65}.ExportRelease|x86.Build.0 = Debug|Any CPU
		{2B8A3BA8-3E3A-4C3E-B27E-55301E80EE65}.Release|Any CPU.ActiveCfg = Release|Any CPU
		{2B8A3BA8-3E3A-4C3E-B27E-55301E80EE65}.Release|Any CPU.Build.0 = Release|Any CPU
		{2B8A3BA8-3E3A-4C3E-B27E-55301E80EE65}.Release|x64.ActiveCfg = Release|Any CPU
		{2B8A3BA8-3E3A-4C3E-B27E-55301E80EE65}.Release|x64.Build.0 = Release|Any CPU
		{2B8A3BA8-3E3A-4C3E-B27E-55301E80EE65}.Release|x86.ActiveCfg = Release|Any CPU
		{2B8A3BA8-3E3A-4C3E-B27E-55301E80EE65}.Release|x86.Build.0 = Release|Any CPU
		{ADC5973E-F5C4-4553-804E-B443E7961EA7}.Debug|Any CPU.ActiveCfg = Debug|Any CPU
		{ADC5973E-F5C4-4553-804E-B443E7961EA7}.Debug|Any CPU.Build.0 = Debug|Any CPU
		{ADC5973E-F5C4-4553-804E-B443E7961EA7}.Debug|x64.ActiveCfg = Debug|Any CPU
		{ADC5973E-F5C4-4553-804E-B443E7961EA7}.Debug|x64.Build.0 = Debug|Any CPU
		{ADC5973E-F5C4-4553-804E-B443E7961EA7}.Debug|x86.ActiveCfg = Debug|Any CPU
		{ADC5973E-F5C4-4553-804E-B443E7961EA7}.Debug|x86.Build.0 = Debug|Any CPU
		{ADC5973E-F5C4-4553-804E-B443E7961EA7}.ExportDebug|Any CPU.ActiveCfg = Debug|Any CPU
		{ADC5973E-F5C4-4553-804E-B443E7961EA7}.ExportDebug|Any CPU.Build.0 = Debug|Any CPU
		{ADC5973E-F5C4-4553-804E-B443E7961EA7}.ExportDebug|x64.ActiveCfg = Debug|Any CPU
		{ADC5973E-F5C4-4553-804E-B443E7961EA7}.ExportDebug|x64.Build.0 = Debug|Any CPU
		{ADC5973E-F5C4-4553-804E-B443E7961EA7}.ExportDebug|x86.ActiveCfg = Debug|Any CPU
		{ADC5973E-F5C4-4553-804E-B443E7961EA7}.ExportDebug|x86.Build.0 = Debug|Any CPU
		{ADC5973E-F5C4-4553-804E-B443E7961EA7}.ExportRelease|Any CPU.ActiveCfg = Debug|Any CPU
		{ADC5973E-F5C4-4553-804E-B443E7961EA7}.ExportRelease|Any CPU.Build.0 = Debug|Any CPU
		{ADC5973E-F5C4-4553-804E-B443E7961EA7}.ExportRelease|x64.ActiveCfg = Debug|Any CPU
		{ADC5973E-F5C4-4553-804E-B443E7961EA7}.ExportRelease|x64.Build.0 = Debug|Any CPU
		{ADC5973E-F5C4-4553-804E-B443E7961EA7}.ExportRelease|x86.ActiveCfg = Debug|Any CPU
		{ADC5973E-F5C4-4553-804E-B443E7961EA7}.ExportRelease|x86.Build.0 = Debug|Any CPU
		{ADC5973E-F5C4-4553-804E-B443E7961EA7}.Release|Any CPU.ActiveCfg = Release|Any CPU
		{ADC5973E-F5C4-4553-804E-B443E7961EA7}.Release|Any CPU.Build.0 = Release|Any CPU
		{ADC5973E-F5C4-4553-804E-B443E7961EA7}.Release|x64.ActiveCfg = Release|Any CPU
		{ADC5973E-F5C4-4553-804E-B443E7961EA7}.Release|x64.Build.0 = Release|Any CPU
		{ADC5973E-F5C4-4553-804E-B443E7961EA7}.Release|x86.ActiveCfg = Release|Any CPU
		{ADC5973E-F5C4-4553-804E-B443E7961EA7}.Release|x86.Build.0 = Release|Any CPU
		{177733AC-C474-4A21-B9E3-3AD1E142161E}.Debug|Any CPU.ActiveCfg = Debug|Any CPU
		{177733AC-C474-4A21-B9E3-3AD1E142161E}.Debug|Any CPU.Build.0 = Debug|Any CPU
		{177733AC-C474-4A21-B9E3-3AD1E142161E}.Debug|x64.ActiveCfg = Debug|Any CPU
		{177733AC-C474-4A21-B9E3-3AD1E142161E}.Debug|x64.Build.0 = Debug|Any CPU
		{177733AC-C474-4A21-B9E3-3AD1E142161E}.Debug|x86.ActiveCfg = Debug|Any CPU
		{177733AC-C474-4A21-B9E3-3AD1E142161E}.Debug|x86.Build.0 = Debug|Any CPU
		{177733AC-C474-4A21-B9E3-3AD1E142161E}.ExportDebug|Any CPU.ActiveCfg = Debug|Any CPU
		{177733AC-C474-4A21-B9E3-3AD1E142161E}.ExportDebug|Any CPU.Build.0 = Debug|Any CPU
		{177733AC-C474-4A21-B9E3-3AD1E142161E}.ExportDebug|x64.ActiveCfg = Debug|Any CPU
		{177733AC-C474-4A21-B9E3-3AD1E142161E}.ExportDebug|x64.Build.0 = Debug|Any CPU
		{177733AC-C474-4A21-B9E3-3AD1E142161E}.ExportDebug|x86.ActiveCfg = Debug|Any CPU
		{177733AC-C474-4A21-B9E3-3AD1E142161E}.ExportDebug|x86.Build.0 = Debug|Any CPU
		{177733AC-C474-4A21-B9E3-3AD1E142161E}.ExportRelease|Any CPU.ActiveCfg = Debug|Any CPU
		{177733AC-C474-4A21-B9E3-3AD1E142161E}.ExportRelease|Any CPU.Build.0 = Debug|Any CPU
		{177733AC-C474-4A21-B9E3-3AD1E142161E}.ExportRelease|x64.ActiveCfg = Debug|Any CPU
		{177733AC-C474-4A21-B9E3-3AD1E142161E}.ExportRelease|x64.Build.0 = Debug|Any CPU
		{177733AC-C474-4A21-B9E3-3AD1E142161E}.ExportRelease|x86.ActiveCfg = Debug|Any CPU
		{177733AC-C474-4A21-B9E3-3AD1E142161E}.ExportRelease|x86.Build.0 = Debug|Any CPU
		{177733AC-C474-4A21-B9E3-3AD1E142161E}.Release|Any CPU.ActiveCfg = Release|Any CPU
		{177733AC-C474-4A21-B9E3-3AD1E142161E}.Release|Any CPU.Build.0 = Release|Any CPU
		{177733AC-C474-4A21-B9E3-3AD1E142161E}.Release|x64.ActiveCfg = Release|Any CPU
		{177733AC-C474-4A21-B9E3-3AD1E142161E}.Release|x64.Build.0 = Release|Any CPU
		{177733AC-C474-4A21-B9E3-3AD1E142161E}.Release|x86.ActiveCfg = Release|Any CPU
		{177733AC-C474-4A21-B9E3-3AD1E142161E}.Release|x86.Build.0 = Release|Any CPU
		{E8D9E830-429C-4BBE-934D-D69EF582D9F3}.Debug|Any CPU.ActiveCfg = Debug|Any CPU
		{E8D9E830-429C-4BBE-934D-D69EF582D9F3}.Debug|Any CPU.Build.0 = Debug|Any CPU
		{E8D9E830-429C-4BBE-934D-D69EF582D9F3}.Debug|x64.ActiveCfg = Debug|Any CPU
		{E8D9E830-429C-4BBE-934D-D69EF582D9F3}.Debug|x64.Build.0 = Debug|Any CPU
		{E8D9E830-429C-4BBE-934D-D69EF582D9F3}.Debug|x86.ActiveCfg = Debug|Any CPU
		{E8D9E830-429C-4BBE-934D-D69EF582D9F3}.Debug|x86.Build.0 = Debug|Any CPU
		{E8D9E830-429C-4BBE-934D-D69EF582D9F3}.ExportDebug|Any CPU.ActiveCfg = Debug|Any CPU
		{E8D9E830-429C-4BBE-934D-D69EF582D9F3}.ExportDebug|Any CPU.Build.0 = Debug|Any CPU
		{E8D9E830-429C-4BBE-934D-D69EF582D9F3}.ExportDebug|x64.ActiveCfg = Debug|Any CPU
		{E8D9E830-429C-4BBE-934D-D69EF582D9F3}.ExportDebug|x64.Build.0 = Debug|Any CPU
		{E8D9E830-429C-4BBE-934D-D69EF582D9F3}.ExportDebug|x86.ActiveCfg = Debug|Any CPU
		{E8D9E830-429C-4BBE-934D-D69EF582D9F3}.ExportDebug|x86.Build.0 = Debug|Any CPU
		{E8D9E830-429C-4BBE-934D-D69EF582D9F3}.ExportRelease|Any CPU.ActiveCfg = Debug|Any CPU
		{E8D9E830-429C-4BBE-934D-D69EF582D9F3}.ExportRelease|Any CPU.Build.0 = Debug|Any CPU
		{E8D9E830-429C-4BBE-934D-D69EF582D9F3}.ExportRelease|x64.ActiveCfg = Debug|Any CPU
		{E8D9E830-429C-4BBE-934D-D69EF582D9F3}.ExportRelease|x64.Build.0 = Debug|Any CPU
		{E8D9E830-429C-4BBE-934D-D69EF582D9F3}.ExportRelease|x86.ActiveCfg = Debug|Any CPU
		{E8D9E830-429C-4BBE-934D-D69EF582D9F3}.ExportRelease|x86.Build.0 = Debug|Any CPU
		{E8D9E830-429C-4BBE-934D-D69EF582D9F3}.Release|Any CPU.ActiveCfg = Release|Any CPU
		{E8D9E830-429C-4BBE-934D-D69EF582D9F3}.Release|Any CPU.Build.0 = Release|Any CPU
		{E8D9E830-429C-4BBE-934D-D69EF582D9F3}.Release|x64.ActiveCfg = Release|Any CPU
		{E8D9E830-429C-4BBE-934D-D69EF582D9F3}.Release|x64.Build.0 = Release|Any CPU
		{E8D9E830-429C-4BBE-934D-D69EF582D9F3}.Release|x86.ActiveCfg = Release|Any CPU
		{E8D9E830-429C-4BBE-934D-D69EF582D9F3}.Release|x86.Build.0 = Release|Any CPU
		{7C4FB2E1-8E35-47EB-91EE-A36E2DE9BFC5}.Debug|Any CPU.ActiveCfg = Debug|Any CPU
		{7C4FB2E1-8E35-47EB-91EE-A36E2DE9BFC5}.Debug|Any CPU.Build.0 = Debug|Any CPU
		{7C4FB2E1-8E35-47EB-91EE-A36E2DE9BFC5}.Debug|x64.ActiveCfg = Debug|Any CPU
		{7C4FB2E1-8E35-47EB-91EE-A36E2DE9BFC5}.Debug|x64.Build.0 = Debug|Any CPU
		{7C4FB2E1-8E35-47EB-91EE-A36E2DE9BFC5}.Debug|x86.ActiveCfg = Debug|Any CPU
		{7C4FB2E1-8E35-47EB-91EE-A36E2DE9BFC5}.Debug|x86.Build.0 = Debug|Any CPU
		{7C4FB2E1-8E35-47EB-91EE-A36E2DE9BFC5}.ExportDebug|Any CPU.ActiveCfg = Debug|Any CPU
		{7C4FB2E1-8E35-47EB-91EE-A36E2DE9BFC5}.ExportDebug|Any CPU.Build.0 = Debug|Any CPU
		{7C4FB2E1-8E35-47EB-91EE-A36E2DE9BFC5}.ExportDebug|x64.ActiveCfg = Debug|Any CPU
		{7C4FB2E1-8E35-47EB-91EE-A36E2DE9BFC5}.ExportDebug|x64.Build.0 = Debug|Any CPU
		{7C4FB2E1-8E35-47EB-91EE-A36E2DE9BFC5}.ExportDebug|x86.ActiveCfg = Debug|Any CPU
		{7C4FB2E1-8E35-47EB-91EE-A36E2DE9BFC5}.ExportDebug|x86.Build.0 = Debug|Any CPU
		{7C4FB2E1-8E35-47EB-91EE-A36E2DE9BFC5}.ExportRelease|Any CPU.ActiveCfg = Debug|Any CPU
		{7C4FB2E1-8E35-47EB-91EE-A36E2DE9BFC5}.ExportRelease|Any CPU.Build.0 = Debug|Any CPU
		{7C4FB2E1-8E35-47EB-91EE-A36E2DE9BFC5}.ExportRelease|x64.ActiveCfg = Debug|Any CPU
		{7C4FB2E1-8E35-47EB-91EE-A36E2DE9BFC5}.ExportRelease|x64.Build.0 = Debug|Any CPU
		{7C4FB2E1-8E35-47EB-91EE-A36E2DE9BFC5}.ExportRelease|x86.ActiveCfg = Debug|Any CPU
		{7C4FB2E1-8E35-47EB-91EE-A36E2DE9BFC5}.ExportRelease|x86.Build.0 = Debug|Any CPU
		{7C4FB2E1-8E35-47EB-91EE-A36E2DE9BFC5}.Release|Any CPU.ActiveCfg = Release|Any CPU
		{7C4FB2E1-8E35-47EB-91EE-A36E2DE9BFC5}.Release|Any CPU.Build.0 = Release|Any CPU
		{7C4FB2E1-8E35-47EB-91EE-A36E2DE9BFC5}.Release|x64.ActiveCfg = Release|Any CPU
		{7C4FB2E1-8E35-47EB-91EE-A36E2DE9BFC5}.Release|x64.Build.0 = Release|Any CPU
		{7C4FB2E1-8E35-47EB-91EE-A36E2DE9BFC5}.Release|x86.ActiveCfg = Release|Any CPU
		{7C4FB2E1-8E35-47EB-91EE-A36E2DE9BFC5}.Release|x86.Build.0 = Release|Any CPU
		{F2302A13-B00C-4A35-B577-5FE11D936B07}.Debug|Any CPU.ActiveCfg = Debug|Any CPU
		{F2302A13-B00C-4A35-B577-5FE11D936B07}.Debug|Any CPU.Build.0 = Debug|Any CPU
		{F2302A13-B00C-4A35-B577-5FE11D936B07}.Debug|x64.ActiveCfg = Debug|Any CPU
		{F2302A13-B00C-4A35-B577-5FE11D936B07}.Debug|x64.Build.0 = Debug|Any CPU
		{F2302A13-B00C-4A35-B577-5FE11D936B07}.Debug|x86.ActiveCfg = Debug|Any CPU
		{F2302A13-B00C-4A35-B577-5FE11D936B07}.Debug|x86.Build.0 = Debug|Any CPU
		{F2302A13-B00C-4A35-B577-5FE11D936B07}.ExportDebug|Any CPU.ActiveCfg = Debug|Any CPU
		{F2302A13-B00C-4A35-B577-5FE11D936B07}.ExportDebug|Any CPU.Build.0 = Debug|Any CPU
		{F2302A13-B00C-4A35-B577-5FE11D936B07}.ExportDebug|x64.ActiveCfg = Debug|Any CPU
		{F2302A13-B00C-4A35-B577-5FE11D936B07}.ExportDebug|x64.Build.0 = Debug|Any CPU
		{F2302A13-B00C-4A35-B577-5FE11D936B07}.ExportDebug|x86.ActiveCfg = Debug|Any CPU
		{F2302A13-B00C-4A35-B577-5FE11D936B07}.ExportDebug|x86.Build.0 = Debug|Any CPU
		{F2302A13-B00C-4A35-B577-5FE11D936B07}.ExportRelease|Any CPU.ActiveCfg = Debug|Any CPU
		{F2302A13-B00C-4A35-B577-5FE11D936B07}.ExportRelease|Any CPU.Build.0 = Debug|Any CPU
		{F2302A13-B00C-4A35-B577-5FE11D936B07}.ExportRelease|x64.ActiveCfg = Debug|Any CPU
		{F2302A13-B00C-4A35-B577-5FE11D936B07}.ExportRelease|x64.Build.0 = Debug|Any CPU
		{F2302A13-B00C-4A35-B577-5FE11D936B07}.ExportRelease|x86.ActiveCfg = Debug|Any CPU
		{F2302A13-B00C-4A35-B577-5FE11D936B07}.ExportRelease|x86.Build.0 = Debug|Any CPU
		{F2302A13-B00C-4A35-B577-5FE11D936B07}.Release|Any CPU.ActiveCfg = Release|Any CPU
		{F2302A13-B00C-4A35-B577-5FE11D936B07}.Release|Any CPU.Build.0 = Release|Any CPU
		{F2302A13-B00C-4A35-B577-5FE11D936B07}.Release|x64.ActiveCfg = Release|Any CPU
		{F2302A13-B00C-4A35-B577-5FE11D936B07}.Release|x64.Build.0 = Release|Any CPU
		{F2302A13-B00C-4A35-B577-5FE11D936B07}.Release|x86.ActiveCfg = Release|Any CPU
		{F2302A13-B00C-4A35-B577-5FE11D936B07}.Release|x86.Build.0 = Release|Any CPU
		{F9DC8B34-FB9B-4E01-8991-7D3AA5707352}.Debug|Any CPU.ActiveCfg = Debug|Any CPU
		{F9DC8B34-FB9B-4E01-8991-7D3AA5707352}.Debug|Any CPU.Build.0 = Debug|Any CPU
		{F9DC8B34-FB9B-4E01-8991-7D3AA5707352}.Debug|x64.ActiveCfg = Debug|Any CPU
		{F9DC8B34-FB9B-4E01-8991-7D3AA5707352}.Debug|x64.Build.0 = Debug|Any CPU
		{F9DC8B34-FB9B-4E01-8991-7D3AA5707352}.Debug|x86.ActiveCfg = Debug|Any CPU
		{F9DC8B34-FB9B-4E01-8991-7D3AA5707352}.Debug|x86.Build.0 = Debug|Any CPU
		{F9DC8B34-FB9B-4E01-8991-7D3AA5707352}.ExportDebug|Any CPU.ActiveCfg = Debug|Any CPU
		{F9DC8B34-FB9B-4E01-8991-7D3AA5707352}.ExportDebug|Any CPU.Build.0 = Debug|Any CPU
		{F9DC8B34-FB9B-4E01-8991-7D3AA5707352}.ExportDebug|x64.ActiveCfg = Debug|Any CPU
		{F9DC8B34-FB9B-4E01-8991-7D3AA5707352}.ExportDebug|x64.Build.0 = Debug|Any CPU
		{F9DC8B34-FB9B-4E01-8991-7D3AA5707352}.ExportDebug|x86.ActiveCfg = Debug|Any CPU
		{F9DC8B34-FB9B-4E01-8991-7D3AA5707352}.ExportDebug|x86.Build.0 = Debug|Any CPU
		{F9DC8B34-FB9B-4E01-8991-7D3AA5707352}.ExportRelease|Any CPU.ActiveCfg = Debug|Any CPU
		{F9DC8B34-FB9B-4E01-8991-7D3AA5707352}.ExportRelease|Any CPU.Build.0 = Debug|Any CPU
		{F9DC8B34-FB9B-4E01-8991-7D3AA5707352}.ExportRelease|x64.ActiveCfg = Debug|Any CPU
		{F9DC8B34-FB9B-4E01-8991-7D3AA5707352}.ExportRelease|x64.Build.0 = Debug|Any CPU
		{F9DC8B34-FB9B-4E01-8991-7D3AA5707352}.ExportRelease|x86.ActiveCfg = Debug|Any CPU
		{F9DC8B34-FB9B-4E01-8991-7D3AA5707352}.ExportRelease|x86.Build.0 = Debug|Any CPU
		{F9DC8B34-FB9B-4E01-8991-7D3AA5707352}.Release|Any CPU.ActiveCfg = Release|Any CPU
		{F9DC8B34-FB9B-4E01-8991-7D3AA5707352}.Release|Any CPU.Build.0 = Release|Any CPU
		{F9DC8B34-FB9B-4E01-8991-7D3AA5707352}.Release|x64.ActiveCfg = Release|Any CPU
		{F9DC8B34-FB9B-4E01-8991-7D3AA5707352}.Release|x64.Build.0 = Release|Any CPU
		{F9DC8B34-FB9B-4E01-8991-7D3AA5707352}.Release|x86.ActiveCfg = Release|Any CPU
		{F9DC8B34-FB9B-4E01-8991-7D3AA5707352}.Release|x86.Build.0 = Release|Any CPU
		{D074D573-03E8-4E01-B6DC-7586B40017BE}.Debug|Any CPU.ActiveCfg = Debug|Any CPU
		{D074D573-03E8-4E01-B6DC-7586B40017BE}.Debug|Any CPU.Build.0 = Debug|Any CPU
		{D074D573-03E8-4E01-B6DC-7586B40017BE}.Debug|x64.ActiveCfg = Debug|Any CPU
		{D074D573-03E8-4E01-B6DC-7586B40017BE}.Debug|x64.Build.0 = Debug|Any CPU
		{D074D573-03E8-4E01-B6DC-7586B40017BE}.Debug|x86.ActiveCfg = Debug|Any CPU
		{D074D573-03E8-4E01-B6DC-7586B40017BE}.Debug|x86.Build.0 = Debug|Any CPU
		{D074D573-03E8-4E01-B6DC-7586B40017BE}.ExportDebug|Any CPU.ActiveCfg = Debug|Any CPU
		{D074D573-03E8-4E01-B6DC-7586B40017BE}.ExportDebug|Any CPU.Build.0 = Debug|Any CPU
		{D074D573-03E8-4E01-B6DC-7586B40017BE}.ExportDebug|x64.ActiveCfg = Debug|Any CPU
		{D074D573-03E8-4E01-B6DC-7586B40017BE}.ExportDebug|x64.Build.0 = Debug|Any CPU
		{D074D573-03E8-4E01-B6DC-7586B40017BE}.ExportDebug|x86.ActiveCfg = Debug|Any CPU
		{D074D573-03E8-4E01-B6DC-7586B40017BE}.ExportDebug|x86.Build.0 = Debug|Any CPU
		{D074D573-03E8-4E01-B6DC-7586B40017BE}.ExportRelease|Any CPU.ActiveCfg = Debug|Any CPU
		{D074D573-03E8-4E01-B6DC-7586B40017BE}.ExportRelease|Any CPU.Build.0 = Debug|Any CPU
		{D074D573-03E8-4E01-B6DC-7586B40017BE}.ExportRelease|x64.ActiveCfg = Debug|Any CPU
		{D074D573-03E8-4E01-B6DC-7586B40017BE}.ExportRelease|x64.Build.0 = Debug|Any CPU
		{D074D573-03E8-4E01-B6DC-7586B40017BE}.ExportRelease|x86.ActiveCfg = Debug|Any CPU
		{D074D573-03E8-4E01-B6DC-7586B40017BE}.ExportRelease|x86.Build.0 = Debug|Any CPU
		{D074D573-03E8-4E01-B6DC-7586B40017BE}.Release|Any CPU.ActiveCfg = Release|Any CPU
		{D074D573-03E8-4E01-B6DC-7586B40017BE}.Release|Any CPU.Build.0 = Release|Any CPU
		{D074D573-03E8-4E01-B6DC-7586B40017BE}.Release|x64.ActiveCfg = Release|Any CPU
		{D074D573-03E8-4E01-B6DC-7586B40017BE}.Release|x64.Build.0 = Release|Any CPU
		{D074D573-03E8-4E01-B6DC-7586B40017BE}.Release|x86.ActiveCfg = Release|Any CPU
		{D074D573-03E8-4E01-B6DC-7586B40017BE}.Release|x86.Build.0 = Release|Any CPU
		{DF53C8D2-3B2C-4E3F-ADDE-D7145FE57876}.Debug|Any CPU.ActiveCfg = Debug|Any CPU
		{DF53C8D2-3B2C-4E3F-ADDE-D7145FE57876}.Debug|Any CPU.Build.0 = Debug|Any CPU
		{DF53C8D2-3B2C-4E3F-ADDE-D7145FE57876}.Debug|x64.ActiveCfg = Debug|Any CPU
		{DF53C8D2-3B2C-4E3F-ADDE-D7145FE57876}.Debug|x64.Build.0 = Debug|Any CPU
		{DF53C8D2-3B2C-4E3F-ADDE-D7145FE57876}.Debug|x86.ActiveCfg = Debug|Any CPU
		{DF53C8D2-3B2C-4E3F-ADDE-D7145FE57876}.Debug|x86.Build.0 = Debug|Any CPU
		{DF53C8D2-3B2C-4E3F-ADDE-D7145FE57876}.ExportDebug|Any CPU.ActiveCfg = Debug|Any CPU
		{DF53C8D2-3B2C-4E3F-ADDE-D7145FE57876}.ExportDebug|Any CPU.Build.0 = Debug|Any CPU
		{DF53C8D2-3B2C-4E3F-ADDE-D7145FE57876}.ExportDebug|x64.ActiveCfg = Debug|Any CPU
		{DF53C8D2-3B2C-4E3F-ADDE-D7145FE57876}.ExportDebug|x64.Build.0 = Debug|Any CPU
		{DF53C8D2-3B2C-4E3F-ADDE-D7145FE57876}.ExportDebug|x86.ActiveCfg = Debug|Any CPU
		{DF53C8D2-3B2C-4E3F-ADDE-D7145FE57876}.ExportDebug|x86.Build.0 = Debug|Any CPU
		{DF53C8D2-3B2C-4E3F-ADDE-D7145FE57876}.ExportRelease|Any CPU.ActiveCfg = Debug|Any CPU
		{DF53C8D2-3B2C-4E3F-ADDE-D7145FE57876}.ExportRelease|Any CPU.Build.0 = Debug|Any CPU
		{DF53C8D2-3B2C-4E3F-ADDE-D7145FE57876}.ExportRelease|x64.ActiveCfg = Debug|Any CPU
		{DF53C8D2-3B2C-4E3F-ADDE-D7145FE57876}.ExportRelease|x64.Build.0 = Debug|Any CPU
		{DF53C8D2-3B2C-4E3F-ADDE-D7145FE57876}.ExportRelease|x86.ActiveCfg = Debug|Any CPU
		{DF53C8D2-3B2C-4E3F-ADDE-D7145FE57876}.ExportRelease|x86.Build.0 = Debug|Any CPU
		{DF53C8D2-3B2C-4E3F-ADDE-D7145FE57876}.Release|Any CPU.ActiveCfg = Release|Any CPU
		{DF53C8D2-3B2C-4E3F-ADDE-D7145FE57876}.Release|Any CPU.Build.0 = Release|Any CPU
		{DF53C8D2-3B2C-4E3F-ADDE-D7145FE57876}.Release|x64.ActiveCfg = Release|Any CPU
		{DF53C8D2-3B2C-4E3F-ADDE-D7145FE57876}.Release|x64.Build.0 = Release|Any CPU
		{DF53C8D2-3B2C-4E3F-ADDE-D7145FE57876}.Release|x86.ActiveCfg = Release|Any CPU
		{DF53C8D2-3B2C-4E3F-ADDE-D7145FE57876}.Release|x86.Build.0 = Release|Any CPU
		{575D9F9C-D5EE-4341-B746-97C1FA58A3B2}.Debug|Any CPU.ActiveCfg = Debug|Any CPU
		{575D9F9C-D5EE-4341-B746-97C1FA58A3B2}.Debug|Any CPU.Build.0 = Debug|Any CPU
		{575D9F9C-D5EE-4341-B746-97C1FA58A3B2}.Debug|x64.ActiveCfg = Debug|Any CPU
		{575D9F9C-D5EE-4341-B746-97C1FA58A3B2}.Debug|x64.Build.0 = Debug|Any CPU
		{575D9F9C-D5EE-4341-B746-97C1FA58A3B2}.Debug|x86.ActiveCfg = Debug|Any CPU
		{575D9F9C-D5EE-4341-B746-97C1FA58A3B2}.Debug|x86.Build.0 = Debug|Any CPU
		{575D9F9C-D5EE-4341-B746-97C1FA58A3B2}.ExportDebug|Any CPU.ActiveCfg = Debug|Any CPU
		{575D9F9C-D5EE-4341-B746-97C1FA58A3B2}.ExportDebug|Any CPU.Build.0 = Debug|Any CPU
		{575D9F9C-D5EE-4341-B746-97C1FA58A3B2}.ExportDebug|x64.ActiveCfg = Debug|Any CPU
		{575D9F9C-D5EE-4341-B746-97C1FA58A3B2}.ExportDebug|x64.Build.0 = Debug|Any CPU
		{575D9F9C-D5EE-4341-B746-97C1FA58A3B2}.ExportDebug|x86.ActiveCfg = Debug|Any CPU
		{575D9F9C-D5EE-4341-B746-97C1FA58A3B2}.ExportDebug|x86.Build.0 = Debug|Any CPU
		{575D9F9C-D5EE-4341-B746-97C1FA58A3B2}.ExportRelease|Any CPU.ActiveCfg = Debug|Any CPU
		{575D9F9C-D5EE-4341-B746-97C1FA58A3B2}.ExportRelease|Any CPU.Build.0 = Debug|Any CPU
		{575D9F9C-D5EE-4341-B746-97C1FA58A3B2}.ExportRelease|x64.ActiveCfg = Debug|Any CPU
		{575D9F9C-D5EE-4341-B746-97C1FA58A3B2}.ExportRelease|x64.Build.0 = Debug|Any CPU
		{575D9F9C-D5EE-4341-B746-97C1FA58A3B2}.ExportRelease|x86.ActiveCfg = Debug|Any CPU
		{575D9F9C-D5EE-4341-B746-97C1FA58A3B2}.ExportRelease|x86.Build.0 = Debug|Any CPU
		{575D9F9C-D5EE-4341-B746-97C1FA58A3B2}.Release|Any CPU.ActiveCfg = Release|Any CPU
		{575D9F9C-D5EE-4341-B746-97C1FA58A3B2}.Release|Any CPU.Build.0 = Release|Any CPU
		{575D9F9C-D5EE-4341-B746-97C1FA58A3B2}.Release|x64.ActiveCfg = Release|Any CPU
		{575D9F9C-D5EE-4341-B746-97C1FA58A3B2}.Release|x64.Build.0 = Release|Any CPU
		{575D9F9C-D5EE-4341-B746-97C1FA58A3B2}.Release|x86.ActiveCfg = Release|Any CPU
		{575D9F9C-D5EE-4341-B746-97C1FA58A3B2}.Release|x86.Build.0 = Release|Any CPU
		{800967C7-485E-4209-AA52-A34E7A125606}.Debug|Any CPU.ActiveCfg = Debug|Any CPU
		{800967C7-485E-4209-AA52-A34E7A125606}.Debug|Any CPU.Build.0 = Debug|Any CPU
		{800967C7-485E-4209-AA52-A34E7A125606}.Debug|x64.ActiveCfg = Debug|Any CPU
		{800967C7-485E-4209-AA52-A34E7A125606}.Debug|x64.Build.0 = Debug|Any CPU
		{800967C7-485E-4209-AA52-A34E7A125606}.Debug|x86.ActiveCfg = Debug|Any CPU
		{800967C7-485E-4209-AA52-A34E7A125606}.Debug|x86.Build.0 = Debug|Any CPU
		{800967C7-485E-4209-AA52-A34E7A125606}.ExportDebug|Any CPU.ActiveCfg = Debug|Any CPU
		{800967C7-485E-4209-AA52-A34E7A125606}.ExportDebug|Any CPU.Build.0 = Debug|Any CPU
		{800967C7-485E-4209-AA52-A34E7A125606}.ExportDebug|x64.ActiveCfg = Debug|Any CPU
		{800967C7-485E-4209-AA52-A34E7A125606}.ExportDebug|x64.Build.0 = Debug|Any CPU
		{800967C7-485E-4209-AA52-A34E7A125606}.ExportDebug|x86.ActiveCfg = Debug|Any CPU
		{800967C7-485E-4209-AA52-A34E7A125606}.ExportDebug|x86.Build.0 = Debug|Any CPU
		{800967C7-485E-4209-AA52-A34E7A125606}.ExportRelease|Any CPU.ActiveCfg = Debug|Any CPU
		{800967C7-485E-4209-AA52-A34E7A125606}.ExportRelease|Any CPU.Build.0 = Debug|Any CPU
		{800967C7-485E-4209-AA52-A34E7A125606}.ExportRelease|x64.ActiveCfg = Debug|Any CPU
		{800967C7-485E-4209-AA52-A34E7A125606}.ExportRelease|x64.Build.0 = Debug|Any CPU
		{800967C7-485E-4209-AA52-A34E7A125606}.ExportRelease|x86.ActiveCfg = Debug|Any CPU
		{800967C7-485E-4209-AA52-A34E7A125606}.ExportRelease|x86.Build.0 = Debug|Any CPU
		{800967C7-485E-4209-AA52-A34E7A125606}.Release|Any CPU.ActiveCfg = Release|Any CPU
		{800967C7-485E-4209-AA52-A34E7A125606}.Release|Any CPU.Build.0 = Release|Any CPU
		{800967C7-485E-4209-AA52-A34E7A125606}.Release|x64.ActiveCfg = Release|Any CPU
		{800967C7-485E-4209-AA52-A34E7A125606}.Release|x64.Build.0 = Release|Any CPU
		{800967C7-485E-4209-AA52-A34E7A125606}.Release|x86.ActiveCfg = Release|Any CPU
		{800967C7-485E-4209-AA52-A34E7A125606}.Release|x86.Build.0 = Release|Any CPU
		{EEF4EA12-3EE7-42E4-A879-3B2FC3E84A59}.Debug|Any CPU.ActiveCfg = Debug|Any CPU
		{EEF4EA12-3EE7-42E4-A879-3B2FC3E84A59}.Debug|Any CPU.Build.0 = Debug|Any CPU
		{EEF4EA12-3EE7-42E4-A879-3B2FC3E84A59}.Debug|x64.ActiveCfg = Debug|Any CPU
		{EEF4EA12-3EE7-42E4-A879-3B2FC3E84A59}.Debug|x64.Build.0 = Debug|Any CPU
		{EEF4EA12-3EE7-42E4-A879-3B2FC3E84A59}.Debug|x86.ActiveCfg = Debug|Any CPU
		{EEF4EA12-3EE7-42E4-A879-3B2FC3E84A59}.Debug|x86.Build.0 = Debug|Any CPU
		{EEF4EA12-3EE7-42E4-A879-3B2FC3E84A59}.ExportDebug|Any CPU.ActiveCfg = Debug|Any CPU
		{EEF4EA12-3EE7-42E4-A879-3B2FC3E84A59}.ExportDebug|Any CPU.Build.0 = Debug|Any CPU
		{EEF4EA12-3EE7-42E4-A879-3B2FC3E84A59}.ExportDebug|x64.ActiveCfg = Debug|Any CPU
		{EEF4EA12-3EE7-42E4-A879-3B2FC3E84A59}.ExportDebug|x64.Build.0 = Debug|Any CPU
		{EEF4EA12-3EE7-42E4-A879-3B2FC3E84A59}.ExportDebug|x86.ActiveCfg = Debug|Any CPU
		{EEF4EA12-3EE7-42E4-A879-3B2FC3E84A59}.ExportDebug|x86.Build.0 = Debug|Any CPU
		{EEF4EA12-3EE7-42E4-A879-3B2FC3E84A59}.ExportRelease|Any CPU.ActiveCfg = Debug|Any CPU
		{EEF4EA12-3EE7-42E4-A879-3B2FC3E84A59}.ExportRelease|Any CPU.Build.0 = Debug|Any CPU
		{EEF4EA12-3EE7-42E4-A879-3B2FC3E84A59}.ExportRelease|x64.ActiveCfg = Debug|Any CPU
		{EEF4EA12-3EE7-42E4-A879-3B2FC3E84A59}.ExportRelease|x64.Build.0 = Debug|Any CPU
		{EEF4EA12-3EE7-42E4-A879-3B2FC3E84A59}.ExportRelease|x86.ActiveCfg = Debug|Any CPU
		{EEF4EA12-3EE7-42E4-A879-3B2FC3E84A59}.ExportRelease|x86.Build.0 = Debug|Any CPU
		{EEF4EA12-3EE7-42E4-A879-3B2FC3E84A59}.Release|Any CPU.ActiveCfg = Release|Any CPU
		{EEF4EA12-3EE7-42E4-A879-3B2FC3E84A59}.Release|Any CPU.Build.0 = Release|Any CPU
		{EEF4EA12-3EE7-42E4-A879-3B2FC3E84A59}.Release|x64.ActiveCfg = Release|Any CPU
		{EEF4EA12-3EE7-42E4-A879-3B2FC3E84A59}.Release|x64.Build.0 = Release|Any CPU
		{EEF4EA12-3EE7-42E4-A879-3B2FC3E84A59}.Release|x86.ActiveCfg = Release|Any CPU
		{EEF4EA12-3EE7-42E4-A879-3B2FC3E84A59}.Release|x86.Build.0 = Release|Any CPU
		{AA97E4E6-E59C-4E98-BD06-6C4863333252}.Debug|Any CPU.ActiveCfg = Debug|Any CPU
		{AA97E4E6-E59C-4E98-BD06-6C4863333252}.Debug|Any CPU.Build.0 = Debug|Any CPU
		{AA97E4E6-E59C-4E98-BD06-6C4863333252}.Debug|x64.ActiveCfg = Debug|Any CPU
		{AA97E4E6-E59C-4E98-BD06-6C4863333252}.Debug|x64.Build.0 = Debug|Any CPU
		{AA97E4E6-E59C-4E98-BD06-6C4863333252}.Debug|x86.ActiveCfg = Debug|Any CPU
		{AA97E4E6-E59C-4E98-BD06-6C4863333252}.Debug|x86.Build.0 = Debug|Any CPU
		{AA97E4E6-E59C-4E98-BD06-6C4863333252}.ExportDebug|Any CPU.ActiveCfg = Debug|Any CPU
		{AA97E4E6-E59C-4E98-BD06-6C4863333252}.ExportDebug|Any CPU.Build.0 = Debug|Any CPU
		{AA97E4E6-E59C-4E98-BD06-6C4863333252}.ExportDebug|x64.ActiveCfg = Debug|Any CPU
		{AA97E4E6-E59C-4E98-BD06-6C4863333252}.ExportDebug|x64.Build.0 = Debug|Any CPU
		{AA97E4E6-E59C-4E98-BD06-6C4863333252}.ExportDebug|x86.ActiveCfg = Debug|Any CPU
		{AA97E4E6-E59C-4E98-BD06-6C4863333252}.ExportDebug|x86.Build.0 = Debug|Any CPU
		{AA97E4E6-E59C-4E98-BD06-6C4863333252}.ExportRelease|Any CPU.ActiveCfg = Debug|Any CPU
		{AA97E4E6-E59C-4E98-BD06-6C4863333252}.ExportRelease|Any CPU.Build.0 = Debug|Any CPU
		{AA97E4E6-E59C-4E98-BD06-6C4863333252}.ExportRelease|x64.ActiveCfg = Debug|Any CPU
		{AA97E4E6-E59C-4E98-BD06-6C4863333252}.ExportRelease|x64.Build.0 = Debug|Any CPU
		{AA97E4E6-E59C-4E98-BD06-6C4863333252}.ExportRelease|x86.ActiveCfg = Debug|Any CPU
		{AA97E4E6-E59C-4E98-BD06-6C4863333252}.ExportRelease|x86.Build.0 = Debug|Any CPU
		{AA97E4E6-E59C-4E98-BD06-6C4863333252}.Release|Any CPU.ActiveCfg = Release|Any CPU
		{AA97E4E6-E59C-4E98-BD06-6C4863333252}.Release|Any CPU.Build.0 = Release|Any CPU
		{AA97E4E6-E59C-4E98-BD06-6C4863333252}.Release|x64.ActiveCfg = Release|Any CPU
		{AA97E4E6-E59C-4E98-BD06-6C4863333252}.Release|x64.Build.0 = Release|Any CPU
		{AA97E4E6-E59C-4E98-BD06-6C4863333252}.Release|x86.ActiveCfg = Release|Any CPU
		{AA97E4E6-E59C-4E98-BD06-6C4863333252}.Release|x86.Build.0 = Release|Any CPU
		{83B94C93-7936-46CE-A445-90AAE063C05A}.Debug|Any CPU.ActiveCfg = Debug|Any CPU
		{83B94C93-7936-46CE-A445-90AAE063C05A}.Debug|Any CPU.Build.0 = Debug|Any CPU
		{83B94C93-7936-46CE-A445-90AAE063C05A}.Debug|x64.ActiveCfg = Debug|Any CPU
		{83B94C93-7936-46CE-A445-90AAE063C05A}.Debug|x64.Build.0 = Debug|Any CPU
		{83B94C93-7936-46CE-A445-90AAE063C05A}.Debug|x86.ActiveCfg = Debug|Any CPU
		{83B94C93-7936-46CE-A445-90AAE063C05A}.Debug|x86.Build.0 = Debug|Any CPU
		{83B94C93-7936-46CE-A445-90AAE063C05A}.ExportDebug|Any CPU.ActiveCfg = Debug|Any CPU
		{83B94C93-7936-46CE-A445-90AAE063C05A}.ExportDebug|Any CPU.Build.0 = Debug|Any CPU
		{83B94C93-7936-46CE-A445-90AAE063C05A}.ExportDebug|x64.ActiveCfg = Debug|Any CPU
		{83B94C93-7936-46CE-A445-90AAE063C05A}.ExportDebug|x64.Build.0 = Debug|Any CPU
		{83B94C93-7936-46CE-A445-90AAE063C05A}.ExportDebug|x86.ActiveCfg = Debug|Any CPU
		{83B94C93-7936-46CE-A445-90AAE063C05A}.ExportDebug|x86.Build.0 = Debug|Any CPU
		{83B94C93-7936-46CE-A445-90AAE063C05A}.ExportRelease|Any CPU.ActiveCfg = Debug|Any CPU
		{83B94C93-7936-46CE-A445-90AAE063C05A}.ExportRelease|Any CPU.Build.0 = Debug|Any CPU
		{83B94C93-7936-46CE-A445-90AAE063C05A}.ExportRelease|x64.ActiveCfg = Debug|Any CPU
		{83B94C93-7936-46CE-A445-90AAE063C05A}.ExportRelease|x64.Build.0 = Debug|Any CPU
		{83B94C93-7936-46CE-A445-90AAE063C05A}.ExportRelease|x86.ActiveCfg = Debug|Any CPU
		{83B94C93-7936-46CE-A445-90AAE063C05A}.ExportRelease|x86.Build.0 = Debug|Any CPU
		{83B94C93-7936-46CE-A445-90AAE063C05A}.Release|Any CPU.ActiveCfg = Release|Any CPU
		{83B94C93-7936-46CE-A445-90AAE063C05A}.Release|Any CPU.Build.0 = Release|Any CPU
		{83B94C93-7936-46CE-A445-90AAE063C05A}.Release|x64.ActiveCfg = Release|Any CPU
		{83B94C93-7936-46CE-A445-90AAE063C05A}.Release|x64.Build.0 = Release|Any CPU
		{83B94C93-7936-46CE-A445-90AAE063C05A}.Release|x86.ActiveCfg = Release|Any CPU
		{83B94C93-7936-46CE-A445-90AAE063C05A}.Release|x86.Build.0 = Release|Any CPU
		{9BF2616D-3FE2-48D9-8D7A-6C882BFC0547}.Debug|Any CPU.ActiveCfg = Debug|Any CPU
		{9BF2616D-3FE2-48D9-8D7A-6C882BFC0547}.Debug|Any CPU.Build.0 = Debug|Any CPU
		{9BF2616D-3FE2-48D9-8D7A-6C882BFC0547}.Debug|x64.ActiveCfg = Debug|Any CPU
		{9BF2616D-3FE2-48D9-8D7A-6C882BFC0547}.Debug|x64.Build.0 = Debug|Any CPU
		{9BF2616D-3FE2-48D9-8D7A-6C882BFC0547}.Debug|x86.ActiveCfg = Debug|Any CPU
		{9BF2616D-3FE2-48D9-8D7A-6C882BFC0547}.Debug|x86.Build.0 = Debug|Any CPU
		{9BF2616D-3FE2-48D9-8D7A-6C882BFC0547}.ExportDebug|Any CPU.ActiveCfg = Debug|Any CPU
		{9BF2616D-3FE2-48D9-8D7A-6C882BFC0547}.ExportDebug|Any CPU.Build.0 = Debug|Any CPU
		{9BF2616D-3FE2-48D9-8D7A-6C882BFC0547}.ExportDebug|x64.ActiveCfg = Debug|Any CPU
		{9BF2616D-3FE2-48D9-8D7A-6C882BFC0547}.ExportDebug|x64.Build.0 = Debug|Any CPU
		{9BF2616D-3FE2-48D9-8D7A-6C882BFC0547}.ExportDebug|x86.ActiveCfg = Debug|Any CPU
		{9BF2616D-3FE2-48D9-8D7A-6C882BFC0547}.ExportDebug|x86.Build.0 = Debug|Any CPU
		{9BF2616D-3FE2-48D9-8D7A-6C882BFC0547}.ExportRelease|Any CPU.ActiveCfg = Debug|Any CPU
		{9BF2616D-3FE2-48D9-8D7A-6C882BFC0547}.ExportRelease|Any CPU.Build.0 = Debug|Any CPU
		{9BF2616D-3FE2-48D9-8D7A-6C882BFC0547}.ExportRelease|x64.ActiveCfg = Debug|Any CPU
		{9BF2616D-3FE2-48D9-8D7A-6C882BFC0547}.ExportRelease|x64.Build.0 = Debug|Any CPU
		{9BF2616D-3FE2-48D9-8D7A-6C882BFC0547}.ExportRelease|x86.ActiveCfg = Debug|Any CPU
		{9BF2616D-3FE2-48D9-8D7A-6C882BFC0547}.ExportRelease|x86.Build.0 = Debug|Any CPU
		{9BF2616D-3FE2-48D9-8D7A-6C882BFC0547}.Release|Any CPU.ActiveCfg = Release|Any CPU
		{9BF2616D-3FE2-48D9-8D7A-6C882BFC0547}.Release|Any CPU.Build.0 = Release|Any CPU
		{9BF2616D-3FE2-48D9-8D7A-6C882BFC0547}.Release|x64.ActiveCfg = Release|Any CPU
		{9BF2616D-3FE2-48D9-8D7A-6C882BFC0547}.Release|x64.Build.0 = Release|Any CPU
		{9BF2616D-3FE2-48D9-8D7A-6C882BFC0547}.Release|x86.ActiveCfg = Release|Any CPU
		{9BF2616D-3FE2-48D9-8D7A-6C882BFC0547}.Release|x86.Build.0 = Release|Any CPU
		{9E3B5E56-946F-4904-A772-6ED51DED639F}.Debug|Any CPU.ActiveCfg = Debug|Any CPU
		{9E3B5E56-946F-4904-A772-6ED51DED639F}.Debug|Any CPU.Build.0 = Debug|Any CPU
		{9E3B5E56-946F-4904-A772-6ED51DED639F}.Debug|x64.ActiveCfg = Debug|Any CPU
		{9E3B5E56-946F-4904-A772-6ED51DED639F}.Debug|x64.Build.0 = Debug|Any CPU
		{9E3B5E56-946F-4904-A772-6ED51DED639F}.Debug|x86.ActiveCfg = Debug|Any CPU
		{9E3B5E56-946F-4904-A772-6ED51DED639F}.Debug|x86.Build.0 = Debug|Any CPU
		{9E3B5E56-946F-4904-A772-6ED51DED639F}.ExportDebug|Any CPU.ActiveCfg = Debug|Any CPU
		{9E3B5E56-946F-4904-A772-6ED51DED639F}.ExportDebug|Any CPU.Build.0 = Debug|Any CPU
		{9E3B5E56-946F-4904-A772-6ED51DED639F}.ExportDebug|x64.ActiveCfg = Debug|Any CPU
		{9E3B5E56-946F-4904-A772-6ED51DED639F}.ExportDebug|x64.Build.0 = Debug|Any CPU
		{9E3B5E56-946F-4904-A772-6ED51DED639F}.ExportDebug|x86.ActiveCfg = Debug|Any CPU
		{9E3B5E56-946F-4904-A772-6ED51DED639F}.ExportDebug|x86.Build.0 = Debug|Any CPU
		{9E3B5E56-946F-4904-A772-6ED51DED639F}.ExportRelease|Any CPU.ActiveCfg = Debug|Any CPU
		{9E3B5E56-946F-4904-A772-6ED51DED639F}.ExportRelease|Any CPU.Build.0 = Debug|Any CPU
		{9E3B5E56-946F-4904-A772-6ED51DED639F}.ExportRelease|x64.ActiveCfg = Debug|Any CPU
		{9E3B5E56-946F-4904-A772-6ED51DED639F}.ExportRelease|x64.Build.0 = Debug|Any CPU
		{9E3B5E56-946F-4904-A772-6ED51DED639F}.ExportRelease|x86.ActiveCfg = Debug|Any CPU
		{9E3B5E56-946F-4904-A772-6ED51DED639F}.ExportRelease|x86.Build.0 = Debug|Any CPU
		{9E3B5E56-946F-4904-A772-6ED51DED639F}.Release|Any CPU.ActiveCfg = Release|Any CPU
		{9E3B5E56-946F-4904-A772-6ED51DED639F}.Release|Any CPU.Build.0 = Release|Any CPU
		{9E3B5E56-946F-4904-A772-6ED51DED639F}.Release|x64.ActiveCfg = Release|Any CPU
		{9E3B5E56-946F-4904-A772-6ED51DED639F}.Release|x64.Build.0 = Release|Any CPU
		{9E3B5E56-946F-4904-A772-6ED51DED639F}.Release|x86.ActiveCfg = Release|Any CPU
		{9E3B5E56-946F-4904-A772-6ED51DED639F}.Release|x86.Build.0 = Release|Any CPU
		{923B2FD9-0381-481F-8841-1F5FBC784A8C}.Debug|Any CPU.ActiveCfg = Debug|Any CPU
		{923B2FD9-0381-481F-8841-1F5FBC784A8C}.Debug|Any CPU.Build.0 = Debug|Any CPU
		{923B2FD9-0381-481F-8841-1F5FBC784A8C}.Debug|x64.ActiveCfg = Debug|Any CPU
		{923B2FD9-0381-481F-8841-1F5FBC784A8C}.Debug|x64.Build.0 = Debug|Any CPU
		{923B2FD9-0381-481F-8841-1F5FBC784A8C}.Debug|x86.ActiveCfg = Debug|Any CPU
		{923B2FD9-0381-481F-8841-1F5FBC784A8C}.Debug|x86.Build.0 = Debug|Any CPU
		{923B2FD9-0381-481F-8841-1F5FBC784A8C}.ExportDebug|Any CPU.ActiveCfg = Debug|Any CPU
		{923B2FD9-0381-481F-8841-1F5FBC784A8C}.ExportDebug|Any CPU.Build.0 = Debug|Any CPU
		{923B2FD9-0381-481F-8841-1F5FBC784A8C}.ExportDebug|x64.ActiveCfg = Debug|Any CPU
		{923B2FD9-0381-481F-8841-1F5FBC784A8C}.ExportDebug|x64.Build.0 = Debug|Any CPU
		{923B2FD9-0381-481F-8841-1F5FBC784A8C}.ExportDebug|x86.ActiveCfg = Debug|Any CPU
		{923B2FD9-0381-481F-8841-1F5FBC784A8C}.ExportDebug|x86.Build.0 = Debug|Any CPU
		{923B2FD9-0381-481F-8841-1F5FBC784A8C}.ExportRelease|Any CPU.ActiveCfg = Debug|Any CPU
		{923B2FD9-0381-481F-8841-1F5FBC784A8C}.ExportRelease|Any CPU.Build.0 = Debug|Any CPU
		{923B2FD9-0381-481F-8841-1F5FBC784A8C}.ExportRelease|x64.ActiveCfg = Debug|Any CPU
		{923B2FD9-0381-481F-8841-1F5FBC784A8C}.ExportRelease|x64.Build.0 = Debug|Any CPU
		{923B2FD9-0381-481F-8841-1F5FBC784A8C}.ExportRelease|x86.ActiveCfg = Debug|Any CPU
		{923B2FD9-0381-481F-8841-1F5FBC784A8C}.ExportRelease|x86.Build.0 = Debug|Any CPU
		{923B2FD9-0381-481F-8841-1F5FBC784A8C}.Release|Any CPU.ActiveCfg = Release|Any CPU
		{923B2FD9-0381-481F-8841-1F5FBC784A8C}.Release|Any CPU.Build.0 = Release|Any CPU
		{923B2FD9-0381-481F-8841-1F5FBC784A8C}.Release|x64.ActiveCfg = Release|Any CPU
		{923B2FD9-0381-481F-8841-1F5FBC784A8C}.Release|x64.Build.0 = Release|Any CPU
		{923B2FD9-0381-481F-8841-1F5FBC784A8C}.Release|x86.ActiveCfg = Release|Any CPU
		{923B2FD9-0381-481F-8841-1F5FBC784A8C}.Release|x86.Build.0 = Release|Any CPU
		{10C77BE9-B443-46A1-B1C1-A102747B1B9C}.Debug|Any CPU.ActiveCfg = Debug|Any CPU
		{10C77BE9-B443-46A1-B1C1-A102747B1B9C}.Debug|Any CPU.Build.0 = Debug|Any CPU
		{10C77BE9-B443-46A1-B1C1-A102747B1B9C}.Debug|x64.ActiveCfg = Debug|Any CPU
		{10C77BE9-B443-46A1-B1C1-A102747B1B9C}.Debug|x64.Build.0 = Debug|Any CPU
		{10C77BE9-B443-46A1-B1C1-A102747B1B9C}.Debug|x86.ActiveCfg = Debug|Any CPU
		{10C77BE9-B443-46A1-B1C1-A102747B1B9C}.Debug|x86.Build.0 = Debug|Any CPU
		{10C77BE9-B443-46A1-B1C1-A102747B1B9C}.ExportDebug|Any CPU.ActiveCfg = Debug|Any CPU
		{10C77BE9-B443-46A1-B1C1-A102747B1B9C}.ExportDebug|Any CPU.Build.0 = Debug|Any CPU
		{10C77BE9-B443-46A1-B1C1-A102747B1B9C}.ExportDebug|x64.ActiveCfg = Debug|Any CPU
		{10C77BE9-B443-46A1-B1C1-A102747B1B9C}.ExportDebug|x64.Build.0 = Debug|Any CPU
		{10C77BE9-B443-46A1-B1C1-A102747B1B9C}.ExportDebug|x86.ActiveCfg = Debug|Any CPU
		{10C77BE9-B443-46A1-B1C1-A102747B1B9C}.ExportDebug|x86.Build.0 = Debug|Any CPU
		{10C77BE9-B443-46A1-B1C1-A102747B1B9C}.ExportRelease|Any CPU.ActiveCfg = Debug|Any CPU
		{10C77BE9-B443-46A1-B1C1-A102747B1B9C}.ExportRelease|Any CPU.Build.0 = Debug|Any CPU
		{10C77BE9-B443-46A1-B1C1-A102747B1B9C}.ExportRelease|x64.ActiveCfg = Debug|Any CPU
		{10C77BE9-B443-46A1-B1C1-A102747B1B9C}.ExportRelease|x64.Build.0 = Debug|Any CPU
		{10C77BE9-B443-46A1-B1C1-A102747B1B9C}.ExportRelease|x86.ActiveCfg = Debug|Any CPU
		{10C77BE9-B443-46A1-B1C1-A102747B1B9C}.ExportRelease|x86.Build.0 = Debug|Any CPU
		{10C77BE9-B443-46A1-B1C1-A102747B1B9C}.Release|Any CPU.ActiveCfg = Release|Any CPU
		{10C77BE9-B443-46A1-B1C1-A102747B1B9C}.Release|Any CPU.Build.0 = Release|Any CPU
		{10C77BE9-B443-46A1-B1C1-A102747B1B9C}.Release|x64.ActiveCfg = Release|Any CPU
		{10C77BE9-B443-46A1-B1C1-A102747B1B9C}.Release|x64.Build.0 = Release|Any CPU
		{10C77BE9-B443-46A1-B1C1-A102747B1B9C}.Release|x86.ActiveCfg = Release|Any CPU
		{10C77BE9-B443-46A1-B1C1-A102747B1B9C}.Release|x86.Build.0 = Release|Any CPU
	EndGlobalSection
	GlobalSection(SolutionProperties) = preSolution
		HideSolutionNode = FALSE
	EndGlobalSection
EndGlobal
